// !$*UTF8*$!
{
	archiveVersion = 1;
	classes = {
	};
	objectVersion = 77;
	objects = {

/* Begin PBXBuildFile section */
		000C1C7DFF8D49BBF8DB12AC /* ChatView.swift in Sources */ = {isa = PBXBuildFile; fileRef = 1B89FA09A3CD46A6461E78BC /* ChatView.swift */; };
		043BA6E5A9B023EBBE04836C /* RESTPathEncodingTests.swift in Sources */ = {isa = PBXBuildFile; fileRef = 66AE2A6EEAE1F0F390B5D0E7 /* RESTPathEncodingTests.swift */; };
		06C4196CEBEA0D59D5A4C885 /* AnyAICLIRemoteFeature.framework in Embed Frameworks */ = {isa = PBXBuildFile; fileRef = 15891449ADE6CF1D194316EE /* AnyAICLIRemoteFeature.framework */; settings = {ATTRIBUTES = (CodeSignOnCopy, RemoveHeadersOnCopy, ); }; };
		08553394D3BB8A4B58A3607F /* ChatBlockView.swift in Sources */ = {isa = PBXBuildFile; fileRef = AF702665BF5C3701ACB962BB /* ChatBlockView.swift */; };
		122886E7F6BAE8D53AB88138 /* ConnectionCoordinator.swift in Sources */ = {isa = PBXBuildFile; fileRef = AEF7C675461E2FCDB580D68A /* ConnectionCoordinator.swift */; };
		15F667090F82A69570BB1F50 /* DeviceListView.swift in Sources */ = {isa = PBXBuildFile; fileRef = B7C4D2F92F8EE00F54F7867B /* DeviceListView.swift */; };
		169D496A6D239FAB26D8BCCB /* ChatStore.swift in Sources */ = {isa = PBXBuildFile; fileRef = A3F620BC51433609CF2A4F93 /* ChatStore.swift */; };
		1C573DB2FAF3A09C3AE30BF9 /* GenericPasswordStoreTests.swift in Sources */ = {isa = PBXBuildFile; fileRef = B52A3CF89415EAF4318FC82E /* GenericPasswordStoreTests.swift */; };
		27486B6A6471A3A9E06233F4 /* ChildAgentStripView.swift in Sources */ = {isa = PBXBuildFile; fileRef = 4CC68B65D81ADEDD93D0386B /* ChildAgentStripView.swift */; };
		278441EACEA067A2209BB9A8 /* SwiftStreamingMarkdown in Frameworks */ = {isa = PBXBuildFile; productRef = 04CF4E9386BB03CAFEE62018 /* SwiftStreamingMarkdown */; };
		2E4FD28C647D9244E08EE087 /* ChildAgentReducer.swift in Sources */ = {isa = PBXBuildFile; fileRef = F96FD745BC6933AB7A993F48 /* ChildAgentReducer.swift */; };
		3370E7BDC67E54EBEABAEF59 /* WorkspaceFilePickerView.swift in Sources */ = {isa = PBXBuildFile; fileRef = FD03F4F1D0C2F2D0227175CF /* WorkspaceFilePickerView.swift */; };
		33776D840BEB97715805801A /* QRCodeScannerView.swift in Sources */ = {isa = PBXBuildFile; fileRef = AAB0EFFFBF85080991CCF197 /* QRCodeScannerView.swift */; };
		33FC57F202BFC39E4215D131 /* GenericPasswordStore.swift in Sources */ = {isa = PBXBuildFile; fileRef = BA2CCD163C349E89830A2B41 /* GenericPasswordStore.swift */; };
		38E7936FEE2CD862E0ED48F2 /* WorkspaceAttachmentTests.swift in Sources */ = {isa = PBXBuildFile; fileRef = 7B3DDC88C2EF15BBFF60D520 /* WorkspaceAttachmentTests.swift */; };
		3B0445B3F5F09B3A915E5228 /* PairingDeepLink.swift in Sources */ = {isa = PBXBuildFile; fileRef = A91D504BCB25DF4A1177F017 /* PairingDeepLink.swift */; };
		3FD8785B65255F270BDF6F0A /* ChildAgentNotificationMapperTests.swift in Sources */ = {isa = PBXBuildFile; fileRef = E7FE674DD90C1643ADBB42B1 /* ChildAgentNotificationMapperTests.swift */; };
		426943C90E6221E92A3030BA /* TurnCoordinator.swift in Sources */ = {isa = PBXBuildFile; fileRef = 887899B7971ABD452E202735 /* TurnCoordinator.swift */; };
		43E845AD111AD4A7D9F8676D /* SessionHistoryReconstructionTests.swift in Sources */ = {isa = PBXBuildFile; fileRef = 3B45A691296B98CB9F43C36B /* SessionHistoryReconstructionTests.swift */; };
		46CF6768A9196D54F24E3A5F /* PendingUserEchoTrackerTests.swift in Sources */ = {isa = PBXBuildFile; fileRef = 12457DC0774C1757303CA440 /* PendingUserEchoTrackerTests.swift */; };
		4A6DBD6BCFEDD10DB8E67F97 /* RootView.swift in Sources */ = {isa = PBXBuildFile; fileRef = 4B95BF46132F505914198089 /* RootView.swift */; };
		4D4578D8876FADC5D4A9EF11 /* DeviceHealthProbe.swift in Sources */ = {isa = PBXBuildFile; fileRef = AA700AC5D213AEEC8518FBAA /* DeviceHealthProbe.swift */; };
		5370578B3BDAD3BE3853712C /* PairingDeepLinkTests.swift in Sources */ = {isa = PBXBuildFile; fileRef = 6B787DCCFBB9365F052368BE /* PairingDeepLinkTests.swift */; };
		5F3CB4C4DD55C78BB506E336 /* AnyAICLIRemoteClient.swift in Sources */ = {isa = PBXBuildFile; fileRef = C736CB6FB80FDB2B13066108 /* AnyAICLIRemoteClient.swift */; };
		6DEC49F0776F8255CD0A20DC /* DeviceHealthMonitor.swift in Sources */ = {isa = PBXBuildFile; fileRef = D12DDDBB0DEF7C409EDE807E /* DeviceHealthMonitor.swift */; };
		72A9FB5FCD4B493E10F0A5CA /* DevicePersistenceTests.swift in Sources */ = {isa = PBXBuildFile; fileRef = 522F8481E06BA6FD124137DB /* DevicePersistenceTests.swift */; };
		760E918CB2B48ACB26C17FE0 /* Models.swift in Sources */ = {isa = PBXBuildFile; fileRef = BD3A014165497C48AAD65D4D /* Models.swift */; };
		7907ED6E7AC904305124EBDD /* ChatNotificationMapper.swift in Sources */ = {isa = PBXBuildFile; fileRef = B9E095D274AB0569164801BD /* ChatNotificationMapper.swift */; };
		798310F33203851A7D4E5700 /* ChatOperationContext.swift in Sources */ = {isa = PBXBuildFile; fileRef = 76CE8D6F2F0B6D4E9BCB8B87 /* ChatOperationContext.swift */; };
		7BB91457D751189A912509BB /* ChatTranscriptReducerTests.swift in Sources */ = {isa = PBXBuildFile; fileRef = 3A929201E98858C1C97B863B /* ChatTranscriptReducerTests.swift */; };
		826B437EE4AE058A9719DDB9 /* DeviceProfileRepository.swift in Sources */ = {isa = PBXBuildFile; fileRef = 63BEFAA8EDAA0B31A5CFBA92 /* DeviceProfileRepository.swift */; };
		83DC6C976291E4D6FACEB80C /* AnyAICLIRemoteCore.framework in Frameworks */ = {isa = PBXBuildFile; fileRef = 557C36743BDA3FF8724D488A /* AnyAICLIRemoteCore.framework */; };
		8404335D2B48F7F65D3E5F5B /* ChildAgentPayloadMapperTests.swift in Sources */ = {isa = PBXBuildFile; fileRef = D858B95DB2DDD48B16795FCD /* ChildAgentPayloadMapperTests.swift */; };
		86F199A179C12BDE733EBEF4 /* ChildAgentPayloadMapper.swift in Sources */ = {isa = PBXBuildFile; fileRef = 56B938518F3E2D4B94A198F1 /* ChildAgentPayloadMapper.swift */; };
		8870C19A18D7FAF6D3762D74 /* PairingView.swift in Sources */ = {isa = PBXBuildFile; fileRef = 8BA6748BE1CC6F074D689B51 /* PairingView.swift */; };
		976207255419F5543A657DB3 /* AnyAICLIRemoteCore.framework in Frameworks */ = {isa = PBXBuildFile; fileRef = 557C36743BDA3FF8724D488A /* AnyAICLIRemoteCore.framework */; };
		9DBD70AED643C45B9127B555 /* DevicePairingUITests.swift in Sources */ = {isa = PBXBuildFile; fileRef = 0FE495B3070D56B1AAF232C6 /* DevicePairingUITests.swift */; };
		9EC05529EB058D742874211E /* KeychainStore.swift in Sources */ = {isa = PBXBuildFile; fileRef = 6CBD9D21056AA369D57A5DA9 /* KeychainStore.swift */; };
		9F7B8575DE14FE478FBA3A84 /* AnyAICLIRemoteFeature.framework in Embed Frameworks */ = {isa = PBXBuildFile; fileRef = 15891449ADE6CF1D194316EE /* AnyAICLIRemoteFeature.framework */; settings = {ATTRIBUTES = (CodeSignOnCopy, RemoveHeadersOnCopy, ); }; };
		A009EC45DBF2F512900DC4FA /* AnyAICLIRemoteCore.framework in Frameworks */ = {isa = PBXBuildFile; fileRef = 557C36743BDA3FF8724D488A /* AnyAICLIRemoteCore.framework */; };
		A06CCE8C4BCEF8BAC7B9F3E3 /* SessionListView.swift in Sources */ = {isa = PBXBuildFile; fileRef = 7F6B24483C49F1BF3B0921BE /* SessionListView.swift */; };
		AD038917EE75752BEC1FE2E3 /* ChatTranscriptReducer.swift in Sources */ = {isa = PBXBuildFile; fileRef = 662D2CBFAAD1AE7CEE3C8639 /* ChatTranscriptReducer.swift */; };
		BF50A4CBF0306D0D64F5D996 /* AnyAICLIRemoteCore.framework in Embed Frameworks */ = {isa = PBXBuildFile; fileRef = 557C36743BDA3FF8724D488A /* AnyAICLIRemoteCore.framework */; settings = {ATTRIBUTES = (CodeSignOnCopy, RemoveHeadersOnCopy, ); }; };
		C01723E96C22FD411CEF7B04 /* SessionCoordinator.swift in Sources */ = {isa = PBXBuildFile; fileRef = 7F6FBB8F555FF06863659DE3 /* SessionCoordinator.swift */; };
		C076595CDB8B461F51EE7DCB /* TurnFinalizationTests.swift in Sources */ = {isa = PBXBuildFile; fileRef = E63F6E44A699A4173C4243D8 /* TurnFinalizationTests.swift */; };
		C417EEAB4DE96EE136688F11 /* DeviceProfileRepositoryTests.swift in Sources */ = {isa = PBXBuildFile; fileRef = CEB9B90A999BCA02CFFDDA21 /* DeviceProfileRepositoryTests.swift */; };
		C58E303F29E06CE896F18F7A /* WorkspaceBrowser.swift in Sources */ = {isa = PBXBuildFile; fileRef = E82586E1475AC38FE7DDE3CD /* WorkspaceBrowser.swift */; };
		C80D56AC30E33B483AA63097 /* SessionPayloadMapper.swift in Sources */ = {isa = PBXBuildFile; fileRef = 61115DD14BC065A7D243A8D6 /* SessionPayloadMapper.swift */; };
		CA031B38CE8804D60A150217 /* ChildAgentReducerTests.swift in Sources */ = {isa = PBXBuildFile; fileRef = FFE477666B294941A24F8223 /* ChildAgentReducerTests.swift */; };
		CB7631016AB118C89417682F /* AnyAICLIRemoteFeature.framework in Frameworks */ = {isa = PBXBuildFile; fileRef = 15891449ADE6CF1D194316EE /* AnyAICLIRemoteFeature.framework */; };
		CD2FD4C0C70C4ECE201F7D96 /* AnyAICLIRemoteCore.framework in Embed Frameworks */ = {isa = PBXBuildFile; fileRef = 557C36743BDA3FF8724D488A /* AnyAICLIRemoteCore.framework */; settings = {ATTRIBUTES = (CodeSignOnCopy, RemoveHeadersOnCopy, ); }; };
		CF28F444E611592EA98AB24A /* ChatOwnership.swift in Sources */ = {isa = PBXBuildFile; fileRef = 0C2663DE3E094450370BF621 /* ChatOwnership.swift */; };
		D1598F6A8785589601B45478 /* ClientRuntimeConfiguration.swift in Sources */ = {isa = PBXBuildFile; fileRef = 6BE9E71D82AA594E53827F5F /* ClientRuntimeConfiguration.swift */; };
		DA4C40E45109F36DB9BFB461 /* ChildAgent.swift in Sources */ = {isa = PBXBuildFile; fileRef = B97491D0646EAC39368A42CB /* ChildAgent.swift */; };
		DDAC91D98524B491FDE217BB /* ProductIdentifiers.swift in Sources */ = {isa = PBXBuildFile; fileRef = 2EB0BD02C8C4341CA3017401 /* ProductIdentifiers.swift */; };
		E74A14E964A0977B36C94DEF /* AnyAICLIRemoteFeature.framework in Frameworks */ = {isa = PBXBuildFile; fileRef = 15891449ADE6CF1D194316EE /* AnyAICLIRemoteFeature.framework */; };
		E8444104B2F7F2B3DFBDFF6E /* PendingUserEchoTracker.swift in Sources */ = {isa = PBXBuildFile; fileRef = 7861BCC4358ADDFC3CE955C8 /* PendingUserEchoTracker.swift */; };
		F0E3DBA62B92F21417147232 /* JSONRPCBoundaryTests.swift in Sources */ = {isa = PBXBuildFile; fileRef = 398A3C8CDF84828093BC4A32 /* JSONRPCBoundaryTests.swift */; };
		F385BB5C0E3FC6344E877568 /* AnyAICLIRemoteApp.swift in Sources */ = {isa = PBXBuildFile; fileRef = 369362E9458E3B03176A698C /* AnyAICLIRemoteApp.swift */; };
		F92D9190CA294C5B0538DF6E /* DeviceCoordinator.swift in Sources */ = {isa = PBXBuildFile; fileRef = 75DC26E353D0E492A2CC394F /* DeviceCoordinator.swift */; };
		FA956667CAD450653B9BB194 /* WebSocketAuthorizationTests.swift in Sources */ = {isa = PBXBuildFile; fileRef = FBA2736871A4276D00608795 /* WebSocketAuthorizationTests.swift */; };
		FB5A32CEFF022E20BEA0259D /* ClientRuntimeConfigurationTests.swift in Sources */ = {isa = PBXBuildFile; fileRef = 13C7F9EB498A8850F25581D6 /* ClientRuntimeConfigurationTests.swift */; };
		FE5718A30BE18C41B3A21D76 /* ACPWire.swift in Sources */ = {isa = PBXBuildFile; fileRef = 3D611CAEB187A570495EE840 /* ACPWire.swift */; };
		FEA9BBC8929CB9AA31C8A981 /* ChatMessageCollectionView.swift in Sources */ = {isa = PBXBuildFile; fileRef = 8553FF3318852AED8AA60F70 /* ChatMessageCollectionView.swift */; };
/* End PBXBuildFile section */

/* Begin PBXContainerItemProxy section */
		740AA441FC7756DD4C753910 /* PBXContainerItemProxy */ = {
			isa = PBXContainerItemProxy;
			containerPortal = B0D02D770793E009764EB062 /* Project object */;
			proxyType = 1;
			remoteGlobalIDString = 216C79333D7ADE299222C77D;
			remoteInfo = AnyAICLIRemoteCore;
		};
		87E0D0D64A64688DCD1774D8 /* PBXContainerItemProxy */ = {
			isa = PBXContainerItemProxy;
			containerPortal = B0D02D770793E009764EB062 /* Project object */;
			proxyType = 1;
			remoteGlobalIDString = CFBBE30E19C09F7C94A2A7E6;
			remoteInfo = AnyAICLIRemote;
		};
		AF2634E8365DDC7FC17BCFE4 /* PBXContainerItemProxy */ = {
			isa = PBXContainerItemProxy;
			containerPortal = B0D02D770793E009764EB062 /* Project object */;
			proxyType = 1;
			remoteGlobalIDString = 9DB35BB006A8583227B8517D;
			remoteInfo = AnyAICLIRemoteFeature;
		};
		BBC7F4C3E7D2E0871484089A /* PBXContainerItemProxy */ = {
			isa = PBXContainerItemProxy;
			containerPortal = B0D02D770793E009764EB062 /* Project object */;
			proxyType = 1;
			remoteGlobalIDString = 216C79333D7ADE299222C77D;
			remoteInfo = AnyAICLIRemoteCore;
		};
		E390F6790D7C1ACD1EF72CD9 /* PBXContainerItemProxy */ = {
			isa = PBXContainerItemProxy;
			containerPortal = B0D02D770793E009764EB062 /* Project object */;
			proxyType = 1;
			remoteGlobalIDString = 9DB35BB006A8583227B8517D;
			remoteInfo = AnyAICLIRemoteFeature;
		};
		E7641F369382CEA02FF2F197 /* PBXContainerItemProxy */ = {
			isa = PBXContainerItemProxy;
			containerPortal = B0D02D770793E009764EB062 /* Project object */;
			proxyType = 1;
			remoteGlobalIDString = 216C79333D7ADE299222C77D;
			remoteInfo = AnyAICLIRemoteCore;
		};
/* End PBXContainerItemProxy section */

/* Begin PBXCopyFilesBuildPhase section */
		263B9092266D2FF6FC0D5149 /* Embed Frameworks */ = {
			isa = PBXCopyFilesBuildPhase;
			buildActionMask = 2147483647;
			dstPath = "";
			dstSubfolderSpec = 10;
			files = (
				CD2FD4C0C70C4ECE201F7D96 /* AnyAICLIRemoteCore.framework in Embed Frameworks */,
				06C4196CEBEA0D59D5A4C885 /* AnyAICLIRemoteFeature.framework in Embed Frameworks */,
			);
			name = "Embed Frameworks";
			runOnlyForDeploymentPostprocessing = 0;
		};
		3DBDECD090121BAB5535E3B3 /* Embed Frameworks */ = {
			isa = PBXCopyFilesBuildPhase;
			buildActionMask = 2147483647;
			dstPath = "";
			dstSubfolderSpec = 10;
			files = (
				BF50A4CBF0306D0D64F5D996 /* AnyAICLIRemoteCore.framework in Embed Frameworks */,
				9F7B8575DE14FE478FBA3A84 /* AnyAICLIRemoteFeature.framework in Embed Frameworks */,
			);
			name = "Embed Frameworks";
			runOnlyForDeploymentPostprocessing = 0;
		};
/* End PBXCopyFilesBuildPhase section */

/* Begin PBXFileReference section */
		0C2663DE3E094450370BF621 /* ChatOwnership.swift */ = {isa = PBXFileReference; lastKnownFileType = sourcecode.swift; path = ChatOwnership.swift; sourceTree = "<group>"; };
		0FE495B3070D56B1AAF232C6 /* DevicePairingUITests.swift */ = {isa = PBXFileReference; lastKnownFileType = sourcecode.swift; path = DevicePairingUITests.swift; sourceTree = "<group>"; };
		12457DC0774C1757303CA440 /* PendingUserEchoTrackerTests.swift */ = {isa = PBXFileReference; lastKnownFileType = sourcecode.swift; path = PendingUserEchoTrackerTests.swift; sourceTree = "<group>"; };
		13C7F9EB498A8850F25581D6 /* ClientRuntimeConfigurationTests.swift */ = {isa = PBXFileReference; lastKnownFileType = sourcecode.swift; path = ClientRuntimeConfigurationTests.swift; sourceTree = "<group>"; };
		15891449ADE6CF1D194316EE /* AnyAICLIRemoteFeature.framework */ = {isa = PBXFileReference; explicitFileType = wrapper.framework; includeInIndex = 0; path = AnyAICLIRemoteFeature.framework; sourceTree = BUILT_PRODUCTS_DIR; };
		1B89FA09A3CD46A6461E78BC /* ChatView.swift */ = {isa = PBXFileReference; lastKnownFileType = sourcecode.swift; path = ChatView.swift; sourceTree = "<group>"; };
		26CBC319E1D3E56E16222299 /* AnyAICLIRemoteTests.xctest */ = {isa = PBXFileReference; includeInIndex = 0; lastKnownFileType = wrapper.cfbundle; path = AnyAICLIRemoteTests.xctest; sourceTree = BUILT_PRODUCTS_DIR; };
		2EB0BD02C8C4341CA3017401 /* ProductIdentifiers.swift */ = {isa = PBXFileReference; lastKnownFileType = sourcecode.swift; path = ProductIdentifiers.swift; sourceTree = "<group>"; };
		369362E9458E3B03176A698C /* AnyAICLIRemoteApp.swift */ = {isa = PBXFileReference; lastKnownFileType = sourcecode.swift; path = AnyAICLIRemoteApp.swift; sourceTree = "<group>"; };
		398A3C8CDF84828093BC4A32 /* JSONRPCBoundaryTests.swift */ = {isa = PBXFileReference; lastKnownFileType = sourcecode.swift; path = JSONRPCBoundaryTests.swift; sourceTree = "<group>"; };
		3A929201E98858C1C97B863B /* ChatTranscriptReducerTests.swift */ = {isa = PBXFileReference; lastKnownFileType = sourcecode.swift; path = ChatTranscriptReducerTests.swift; sourceTree = "<group>"; };
		3B45A691296B98CB9F43C36B /* SessionHistoryReconstructionTests.swift */ = {isa = PBXFileReference; lastKnownFileType = sourcecode.swift; path = SessionHistoryReconstructionTests.swift; sourceTree = "<group>"; };
		3D611CAEB187A570495EE840 /* ACPWire.swift */ = {isa = PBXFileReference; lastKnownFileType = sourcecode.swift; path = ACPWire.swift; sourceTree = "<group>"; };
		4B95BF46132F505914198089 /* RootView.swift */ = {isa = PBXFileReference; lastKnownFileType = sourcecode.swift; path = RootView.swift; sourceTree = "<group>"; };
		4CC68B65D81ADEDD93D0386B /* ChildAgentStripView.swift */ = {isa = PBXFileReference; lastKnownFileType = sourcecode.swift; path = ChildAgentStripView.swift; sourceTree = "<group>"; };
		522F8481E06BA6FD124137DB /* DevicePersistenceTests.swift */ = {isa = PBXFileReference; lastKnownFileType = sourcecode.swift; path = DevicePersistenceTests.swift; sourceTree = "<group>"; };
		557C36743BDA3FF8724D488A /* AnyAICLIRemoteCore.framework */ = {isa = PBXFileReference; explicitFileType = wrapper.framework; includeInIndex = 0; path = AnyAICLIRemoteCore.framework; sourceTree = BUILT_PRODUCTS_DIR; };
		56B938518F3E2D4B94A198F1 /* ChildAgentPayloadMapper.swift */ = {isa = PBXFileReference; lastKnownFileType = sourcecode.swift; path = ChildAgentPayloadMapper.swift; sourceTree = "<group>"; };
		61115DD14BC065A7D243A8D6 /* SessionPayloadMapper.swift */ = {isa = PBXFileReference; lastKnownFileType = sourcecode.swift; path = SessionPayloadMapper.swift; sourceTree = "<group>"; };
		63BEFAA8EDAA0B31A5CFBA92 /* DeviceProfileRepository.swift */ = {isa = PBXFileReference; lastKnownFileType = sourcecode.swift; path = DeviceProfileRepository.swift; sourceTree = "<group>"; };
		662D2CBFAAD1AE7CEE3C8639 /* ChatTranscriptReducer.swift */ = {isa = PBXFileReference; lastKnownFileType = sourcecode.swift; path = ChatTranscriptReducer.swift; sourceTree = "<group>"; };
		66AE2A6EEAE1F0F390B5D0E7 /* RESTPathEncodingTests.swift */ = {isa = PBXFileReference; lastKnownFileType = sourcecode.swift; path = RESTPathEncodingTests.swift; sourceTree = "<group>"; };
		6B787DCCFBB9365F052368BE /* PairingDeepLinkTests.swift */ = {isa = PBXFileReference; lastKnownFileType = sourcecode.swift; path = PairingDeepLinkTests.swift; sourceTree = "<group>"; };
		6BE9E71D82AA594E53827F5F /* ClientRuntimeConfiguration.swift */ = {isa = PBXFileReference; lastKnownFileType = sourcecode.swift; path = ClientRuntimeConfiguration.swift; sourceTree = "<group>"; };
		6CBD9D21056AA369D57A5DA9 /* KeychainStore.swift */ = {isa = PBXFileReference; lastKnownFileType = sourcecode.swift; path = KeychainStore.swift; sourceTree = "<group>"; };
		75DC26E353D0E492A2CC394F /* DeviceCoordinator.swift */ = {isa = PBXFileReference; lastKnownFileType = sourcecode.swift; path = DeviceCoordinator.swift; sourceTree = "<group>"; };
		76CE8D6F2F0B6D4E9BCB8B87 /* ChatOperationContext.swift */ = {isa = PBXFileReference; lastKnownFileType = sourcecode.swift; path = ChatOperationContext.swift; sourceTree = "<group>"; };
		7861BCC4358ADDFC3CE955C8 /* PendingUserEchoTracker.swift */ = {isa = PBXFileReference; lastKnownFileType = sourcecode.swift; path = PendingUserEchoTracker.swift; sourceTree = "<group>"; };
		7B3DDC88C2EF15BBFF60D520 /* WorkspaceAttachmentTests.swift */ = {isa = PBXFileReference; lastKnownFileType = sourcecode.swift; path = WorkspaceAttachmentTests.swift; sourceTree = "<group>"; };
		7F6B24483C49F1BF3B0921BE /* SessionListView.swift */ = {isa = PBXFileReference; lastKnownFileType = sourcecode.swift; path = SessionListView.swift; sourceTree = "<group>"; };
		7F6FBB8F555FF06863659DE3 /* SessionCoordinator.swift */ = {isa = PBXFileReference; lastKnownFileType = sourcecode.swift; path = SessionCoordinator.swift; sourceTree = "<group>"; };
		80AEA89385744DDFB1749DBC /* Any AI CLI Remote.app */ = {isa = PBXFileReference; includeInIndex = 0; lastKnownFileType = wrapper.application; path = "Any AI CLI Remote.app"; sourceTree = BUILT_PRODUCTS_DIR; };
		8553FF3318852AED8AA60F70 /* ChatMessageCollectionView.swift */ = {isa = PBXFileReference; lastKnownFileType = sourcecode.swift; path = ChatMessageCollectionView.swift; sourceTree = "<group>"; };
		887899B7971ABD452E202735 /* TurnCoordinator.swift */ = {isa = PBXFileReference; lastKnownFileType = sourcecode.swift; path = TurnCoordinator.swift; sourceTree = "<group>"; };
		8BA6748BE1CC6F074D689B51 /* PairingView.swift */ = {isa = PBXFileReference; lastKnownFileType = sourcecode.swift; path = PairingView.swift; sourceTree = "<group>"; };
		A3F620BC51433609CF2A4F93 /* ChatStore.swift */ = {isa = PBXFileReference; lastKnownFileType = sourcecode.swift; path = ChatStore.swift; sourceTree = "<group>"; };
		A91D504BCB25DF4A1177F017 /* PairingDeepLink.swift */ = {isa = PBXFileReference; lastKnownFileType = sourcecode.swift; path = PairingDeepLink.swift; sourceTree = "<group>"; };
		AA700AC5D213AEEC8518FBAA /* DeviceHealthProbe.swift */ = {isa = PBXFileReference; lastKnownFileType = sourcecode.swift; path = DeviceHealthProbe.swift; sourceTree = "<group>"; };
		AAB0EFFFBF85080991CCF197 /* QRCodeScannerView.swift */ = {isa = PBXFileReference; lastKnownFileType = sourcecode.swift; path = QRCodeScannerView.swift; sourceTree = "<group>"; };
		AEF7C675461E2FCDB580D68A /* ConnectionCoordinator.swift */ = {isa = PBXFileReference; lastKnownFileType = sourcecode.swift; path = ConnectionCoordinator.swift; sourceTree = "<group>"; };
		AF702665BF5C3701ACB962BB /* ChatBlockView.swift */ = {isa = PBXFileReference; lastKnownFileType = sourcecode.swift; path = ChatBlockView.swift; sourceTree = "<group>"; };
		B0BCC32FC2513538E5B4CFA1 /* AnyAICLIRemoteUITests.xctest */ = {isa = PBXFileReference; includeInIndex = 0; lastKnownFileType = wrapper.cfbundle; path = AnyAICLIRemoteUITests.xctest; sourceTree = BUILT_PRODUCTS_DIR; };
		B52A3CF89415EAF4318FC82E /* GenericPasswordStoreTests.swift */ = {isa = PBXFileReference; lastKnownFileType = sourcecode.swift; path = GenericPasswordStoreTests.swift; sourceTree = "<group>"; };
		B7C4D2F92F8EE00F54F7867B /* DeviceListView.swift */ = {isa = PBXFileReference; lastKnownFileType = sourcecode.swift; path = DeviceListView.swift; sourceTree = "<group>"; };
		B97491D0646EAC39368A42CB /* ChildAgent.swift */ = {isa = PBXFileReference; lastKnownFileType = sourcecode.swift; path = ChildAgent.swift; sourceTree = "<group>"; };
		B9E095D274AB0569164801BD /* ChatNotificationMapper.swift */ = {isa = PBXFileReference; lastKnownFileType = sourcecode.swift; path = ChatNotificationMapper.swift; sourceTree = "<group>"; };
		BA2CCD163C349E89830A2B41 /* GenericPasswordStore.swift */ = {isa = PBXFileReference; lastKnownFileType = sourcecode.swift; path = GenericPasswordStore.swift; sourceTree = "<group>"; };
		BD3A014165497C48AAD65D4D /* Models.swift */ = {isa = PBXFileReference; lastKnownFileType = sourcecode.swift; path = Models.swift; sourceTree = "<group>"; };
		C736CB6FB80FDB2B13066108 /* AnyAICLIRemoteClient.swift */ = {isa = PBXFileReference; lastKnownFileType = sourcecode.swift; path = AnyAICLIRemoteClient.swift; sourceTree = "<group>"; };
		CEB9B90A999BCA02CFFDDA21 /* DeviceProfileRepositoryTests.swift */ = {isa = PBXFileReference; lastKnownFileType = sourcecode.swift; path = DeviceProfileRepositoryTests.swift; sourceTree = "<group>"; };
		D12DDDBB0DEF7C409EDE807E /* DeviceHealthMonitor.swift */ = {isa = PBXFileReference; lastKnownFileType = sourcecode.swift; path = DeviceHealthMonitor.swift; sourceTree = "<group>"; };
		D858B95DB2DDD48B16795FCD /* ChildAgentPayloadMapperTests.swift */ = {isa = PBXFileReference; lastKnownFileType = sourcecode.swift; path = ChildAgentPayloadMapperTests.swift; sourceTree = "<group>"; };
		E63F6E44A699A4173C4243D8 /* TurnFinalizationTests.swift */ = {isa = PBXFileReference; lastKnownFileType = sourcecode.swift; path = TurnFinalizationTests.swift; sourceTree = "<group>"; };
		E7FE674DD90C1643ADBB42B1 /* ChildAgentNotificationMapperTests.swift */ = {isa = PBXFileReference; lastKnownFileType = sourcecode.swift; path = ChildAgentNotificationMapperTests.swift; sourceTree = "<group>"; };
		E82586E1475AC38FE7DDE3CD /* WorkspaceBrowser.swift */ = {isa = PBXFileReference; lastKnownFileType = sourcecode.swift; path = WorkspaceBrowser.swift; sourceTree = "<group>"; };
		F96FD745BC6933AB7A993F48 /* ChildAgentReducer.swift */ = {isa = PBXFileReference; lastKnownFileType = sourcecode.swift; path = ChildAgentReducer.swift; sourceTree = "<group>"; };
		FBA2736871A4276D00608795 /* WebSocketAuthorizationTests.swift */ = {isa = PBXFileReference; lastKnownFileType = sourcecode.swift; path = WebSocketAuthorizationTests.swift; sourceTree = "<group>"; };
		FD03F4F1D0C2F2D0227175CF /* WorkspaceFilePickerView.swift */ = {isa = PBXFileReference; lastKnownFileType = sourcecode.swift; path = WorkspaceFilePickerView.swift; sourceTree = "<group>"; };
		FFE477666B294941A24F8223 /* ChildAgentReducerTests.swift */ = {isa = PBXFileReference; lastKnownFileType = sourcecode.swift; path = ChildAgentReducerTests.swift; sourceTree = "<group>"; };
/* End PBXFileReference section */

/* Begin PBXFrameworksBuildPhase section */
		18A5B0CDB913E8BAB50C8122 /* Frameworks */ = {
			isa = PBXFrameworksBuildPhase;
			buildActionMask = 2147483647;
			files = (
				976207255419F5543A657DB3 /* AnyAICLIRemoteCore.framework in Frameworks */,
				E74A14E964A0977B36C94DEF /* AnyAICLIRemoteFeature.framework in Frameworks */,
			);
			runOnlyForDeploymentPostprocessing = 0;
		};
		1B24DAFC90FBEDA6F583FDFF /* Frameworks */ = {
			isa = PBXFrameworksBuildPhase;
			buildActionMask = 2147483647;
			files = (
				83DC6C976291E4D6FACEB80C /* AnyAICLIRemoteCore.framework in Frameworks */,
				CB7631016AB118C89417682F /* AnyAICLIRemoteFeature.framework in Frameworks */,
			);
			runOnlyForDeploymentPostprocessing = 0;
		};
		FFD354673C5280BBD9119FF7 /* Frameworks */ = {
			isa = PBXFrameworksBuildPhase;
			buildActionMask = 2147483647;
			files = (
				A009EC45DBF2F512900DC4FA /* AnyAICLIRemoteCore.framework in Frameworks */,
				278441EACEA067A2209BB9A8 /* SwiftStreamingMarkdown in Frameworks */,
			);
			runOnlyForDeploymentPostprocessing = 0;
		};
/* End PBXFrameworksBuildPhase section */

/* Begin PBXGroup section */
		0C38C6E4C602721623BE1771 /* AppleShared */ = {
			isa = PBXGroup;
			children = (
				9C7C5E3131238509236229BE /* Shared */,
			);
			name = AppleShared;
			sourceTree = "<group>";
		};
		2675C3902C8A1B8AABAF07D5 = {
			isa = PBXGroup;
			children = (
				B0766C4597C813DE9D4917B9 /* AnyAICLIRemoteCore */,
				4EF9E1EAA1152FE4C91CFB7F /* AnyAICLIRemoteFeature */,
				60B320A80149690DAC906DB8 /* AnyAICLIRemoteTests */,
				EB30BC3C977842F71D1BAC1E /* AnyAICLIRemoteUITests */,
				C3252674EBC56E2A5A220F93 /* App */,
				0C38C6E4C602721623BE1771 /* AppleShared */,
				48307B45C76F5D079C1FB564 /* Products */,
			);
			sourceTree = "<group>";
		};
		48307B45C76F5D079C1FB564 /* Products */ = {
			isa = PBXGroup;
			children = (
				80AEA89385744DDFB1749DBC /* Any AI CLI Remote.app */,
				557C36743BDA3FF8724D488A /* AnyAICLIRemoteCore.framework */,
				15891449ADE6CF1D194316EE /* AnyAICLIRemoteFeature.framework */,
				26CBC319E1D3E56E16222299 /* AnyAICLIRemoteTests.xctest */,
				B0BCC32FC2513538E5B4CFA1 /* AnyAICLIRemoteUITests.xctest */,
			);
			name = Products;
			sourceTree = "<group>";
		};
		4EF9E1EAA1152FE4C91CFB7F /* AnyAICLIRemoteFeature */ = {
			isa = PBXGroup;
			children = (
				B9E095D274AB0569164801BD /* ChatNotificationMapper.swift */,
				76CE8D6F2F0B6D4E9BCB8B87 /* ChatOperationContext.swift */,
				0C2663DE3E094450370BF621 /* ChatOwnership.swift */,
				A3F620BC51433609CF2A4F93 /* ChatStore.swift */,
				662D2CBFAAD1AE7CEE3C8639 /* ChatTranscriptReducer.swift */,
				F96FD745BC6933AB7A993F48 /* ChildAgentReducer.swift */,
				AEF7C675461E2FCDB580D68A /* ConnectionCoordinator.swift */,
				75DC26E353D0E492A2CC394F /* DeviceCoordinator.swift */,
				D12DDDBB0DEF7C409EDE807E /* DeviceHealthMonitor.swift */,
				7861BCC4358ADDFC3CE955C8 /* PendingUserEchoTracker.swift */,
				7F6FBB8F555FF06863659DE3 /* SessionCoordinator.swift */,
				887899B7971ABD452E202735 /* TurnCoordinator.swift */,
				E82586E1475AC38FE7DDE3CD /* WorkspaceBrowser.swift */,
				AC2EA88805941F71A1348F16 /* Views */,
			);
			path = AnyAICLIRemoteFeature;
			sourceTree = "<group>";
		};
		60B320A80149690DAC906DB8 /* AnyAICLIRemoteTests */ = {
			isa = PBXGroup;
			children = (
				3A929201E98858C1C97B863B /* ChatTranscriptReducerTests.swift */,
				E7FE674DD90C1643ADBB42B1 /* ChildAgentNotificationMapperTests.swift */,
				D858B95DB2DDD48B16795FCD /* ChildAgentPayloadMapperTests.swift */,
				FFE477666B294941A24F8223 /* ChildAgentReducerTests.swift */,
				13C7F9EB498A8850F25581D6 /* ClientRuntimeConfigurationTests.swift */,
				522F8481E06BA6FD124137DB /* DevicePersistenceTests.swift */,
				CEB9B90A999BCA02CFFDDA21 /* DeviceProfileRepositoryTests.swift */,
				B52A3CF89415EAF4318FC82E /* GenericPasswordStoreTests.swift */,
				398A3C8CDF84828093BC4A32 /* JSONRPCBoundaryTests.swift */,
				6B787DCCFBB9365F052368BE /* PairingDeepLinkTests.swift */,
				12457DC0774C1757303CA440 /* PendingUserEchoTrackerTests.swift */,
				66AE2A6EEAE1F0F390B5D0E7 /* RESTPathEncodingTests.swift */,
				3B45A691296B98CB9F43C36B /* SessionHistoryReconstructionTests.swift */,
				E63F6E44A699A4173C4243D8 /* TurnFinalizationTests.swift */,
				FBA2736871A4276D00608795 /* WebSocketAuthorizationTests.swift */,
				7B3DDC88C2EF15BBFF60D520 /* WorkspaceAttachmentTests.swift */,
			);
			path = AnyAICLIRemoteTests;
			sourceTree = "<group>";
		};
		9C7C5E3131238509236229BE /* Shared */ = {
			isa = PBXGroup;
			children = (
				BA2CCD163C349E89830A2B41 /* GenericPasswordStore.swift */,
			);
			name = Shared;
			path = ../apple/Shared;
			sourceTree = "<group>";
		};
		AC2EA88805941F71A1348F16 /* Views */ = {
			isa = PBXGroup;
			children = (
				AF702665BF5C3701ACB962BB /* ChatBlockView.swift */,
				8553FF3318852AED8AA60F70 /* ChatMessageCollectionView.swift */,
				1B89FA09A3CD46A6461E78BC /* ChatView.swift */,
				4CC68B65D81ADEDD93D0386B /* ChildAgentStripView.swift */,
				B7C4D2F92F8EE00F54F7867B /* DeviceListView.swift */,
				8BA6748BE1CC6F074D689B51 /* PairingView.swift */,
				AAB0EFFFBF85080991CCF197 /* QRCodeScannerView.swift */,
				4B95BF46132F505914198089 /* RootView.swift */,
				7F6B24483C49F1BF3B0921BE /* SessionListView.swift */,
				FD03F4F1D0C2F2D0227175CF /* WorkspaceFilePickerView.swift */,
			);
			path = Views;
			sourceTree = "<group>";
		};
		B0766C4597C813DE9D4917B9 /* AnyAICLIRemoteCore */ = {
			isa = PBXGroup;
			children = (
				3D611CAEB187A570495EE840 /* ACPWire.swift */,
				C736CB6FB80FDB2B13066108 /* AnyAICLIRemoteClient.swift */,
				B97491D0646EAC39368A42CB /* ChildAgent.swift */,
				56B938518F3E2D4B94A198F1 /* ChildAgentPayloadMapper.swift */,
				6BE9E71D82AA594E53827F5F /* ClientRuntimeConfiguration.swift */,
				AA700AC5D213AEEC8518FBAA /* DeviceHealthProbe.swift */,
				63BEFAA8EDAA0B31A5CFBA92 /* DeviceProfileRepository.swift */,
				6CBD9D21056AA369D57A5DA9 /* KeychainStore.swift */,
				BD3A014165497C48AAD65D4D /* Models.swift */,
				A91D504BCB25DF4A1177F017 /* PairingDeepLink.swift */,
				2EB0BD02C8C4341CA3017401 /* ProductIdentifiers.swift */,
				61115DD14BC065A7D243A8D6 /* SessionPayloadMapper.swift */,
			);
			path = AnyAICLIRemoteCore;
			sourceTree = "<group>";
		};
		C3252674EBC56E2A5A220F93 /* App */ = {
			isa = PBXGroup;
			children = (
				369362E9458E3B03176A698C /* AnyAICLIRemoteApp.swift */,
			);
			name = App;
			path = AnyAICLIRemote/App;
			sourceTree = "<group>";
		};
		EB30BC3C977842F71D1BAC1E /* AnyAICLIRemoteUITests */ = {
			isa = PBXGroup;
			children = (
				0FE495B3070D56B1AAF232C6 /* DevicePairingUITests.swift */,
			);
			path = AnyAICLIRemoteUITests;
			sourceTree = "<group>";
		};
/* End PBXGroup section */

/* Begin PBXNativeTarget section */
		1EA8261BC8EB4A80A77B1CF1 /* AnyAICLIRemoteTests */ = {
			isa = PBXNativeTarget;
			buildConfigurationList = DEE1176A44E2224210954975 /* Build configuration list for PBXNativeTarget "AnyAICLIRemoteTests" */;
			buildPhases = (
				B9D1801873982D74294C2870 /* Sources */,
				18A5B0CDB913E8BAB50C8122 /* Frameworks */,
				3DBDECD090121BAB5535E3B3 /* Embed Frameworks */,
			);
			buildRules = (
			);
			dependencies = (
				F0D92199027FBA9B883535C8 /* PBXTargetDependency */,
				2DB4E2237C2C321CFED649A2 /* PBXTargetDependency */,
			);
			name = AnyAICLIRemoteTests;
			packageProductDependencies = (
			);
			productName = AnyAICLIRemoteTests;
			productReference = 26CBC319E1D3E56E16222299 /* AnyAICLIRemoteTests.xctest */;
			productType = "com.apple.product-type.bundle.unit-test";
		};
		216C79333D7ADE299222C77D /* AnyAICLIRemoteCore */ = {
			isa = PBXNativeTarget;
			buildConfigurationList = 7A8A15EB72C8A0233759D167 /* Build configuration list for PBXNativeTarget "AnyAICLIRemoteCore" */;
			buildPhases = (
				5101788C2CD6177A3A6F6C09 /* Sources */,
			);
			buildRules = (
			);
			dependencies = (
			);
			name = AnyAICLIRemoteCore;
			packageProductDependencies = (
			);
			productName = AnyAICLIRemoteCore;
			productReference = 557C36743BDA3FF8724D488A /* AnyAICLIRemoteCore.framework */;
			productType = "com.apple.product-type.framework";
		};
		9DB35BB006A8583227B8517D /* AnyAICLIRemoteFeature */ = {
			isa = PBXNativeTarget;
			buildConfigurationList = 7CC4764767D260D64BF06970 /* Build configuration list for PBXNativeTarget "AnyAICLIRemoteFeature" */;
			buildPhases = (
				0C88A8A006FFDD61D076686D /* Sources */,
				FFD354673C5280BBD9119FF7 /* Frameworks */,
			);
			buildRules = (
			);
			dependencies = (
				A159B251510A9D342883A956 /* PBXTargetDependency */,
			);
			name = AnyAICLIRemoteFeature;
			packageProductDependencies = (
				04CF4E9386BB03CAFEE62018 /* SwiftStreamingMarkdown */,
			);
			productName = AnyAICLIRemoteFeature;
			productReference = 15891449ADE6CF1D194316EE /* AnyAICLIRemoteFeature.framework */;
			productType = "com.apple.product-type.framework";
		};
		CFBBE30E19C09F7C94A2A7E6 /* AnyAICLIRemote */ = {
			isa = PBXNativeTarget;
			buildConfigurationList = AA362B71BAEE43BA61B65C74 /* Build configuration list for PBXNativeTarget "AnyAICLIRemote" */;
			buildPhases = (
				E824A8FEE54EA4D4C10F3CC9 /* Sources */,
				1B24DAFC90FBEDA6F583FDFF /* Frameworks */,
				263B9092266D2FF6FC0D5149 /* Embed Frameworks */,
			);
			buildRules = (
			);
			dependencies = (
				811F8FF47634CC54B5A7B11F /* PBXTargetDependency */,
				56FE2FDCDCA806DF648E527E /* PBXTargetDependency */,
			);
			name = AnyAICLIRemote;
			packageProductDependencies = (
			);
			productName = AnyAICLIRemote;
			productReference = 80AEA89385744DDFB1749DBC /* Any AI CLI Remote.app */;
			productType = "com.apple.product-type.application";
		};
		F19ABCCF7021CFE1820C0F6E /* AnyAICLIRemoteUITests */ = {
			isa = PBXNativeTarget;
			buildConfigurationList = 36491CDDABB8D2F38513F413 /* Build configuration list for PBXNativeTarget "AnyAICLIRemoteUITests" */;
			buildPhases = (
				CE9D5F9D6A9AF4A325877107 /* Sources */,
			);
			buildRules = (
			);
			dependencies = (
				76D07125D4D72A0500AB0069 /* PBXTargetDependency */,
			);
			name = AnyAICLIRemoteUITests;
			packageProductDependencies = (
			);
			productName = AnyAICLIRemoteUITests;
			productReference = B0BCC32FC2513538E5B4CFA1 /* AnyAICLIRemoteUITests.xctest */;
			productType = "com.apple.product-type.bundle.ui-testing";
		};
/* End PBXNativeTarget section */

/* Begin PBXProject section */
		B0D02D770793E009764EB062 /* Project object */ = {
			isa = PBXProject;
			attributes = {
				BuildIndependentTargetsInParallel = YES;
				LastUpgradeCheck = 1430;
				TargetAttributes = {
					1EA8261BC8EB4A80A77B1CF1 = {
						DevelopmentTeam = "";
					};
					216C79333D7ADE299222C77D = {
						DevelopmentTeam = "";
					};
					9DB35BB006A8583227B8517D = {
						DevelopmentTeam = "";
					};
					CFBBE30E19C09F7C94A2A7E6 = {
						DevelopmentTeam = "";
					};
					F19ABCCF7021CFE1820C0F6E = {
						DevelopmentTeam = "";
						TestTargetID = CFBBE30E19C09F7C94A2A7E6;
					};
				};
			};
			buildConfigurationList = B949AE1CF51F5C9F48E60548 /* Build configuration list for PBXProject "AnyAICLIRemote" */;
			developmentRegion = en;
			hasScannedForEncodings = 0;
			knownRegions = (
				Base,
				en,
			);
			mainGroup = 2675C3902C8A1B8AABAF07D5;
			minimizedProjectReferenceProxies = 1;
			packageReferences = (
				5C0F3624CF3EC1E477CAD809 /* XCRemoteSwiftPackageReference "SwiftStreamingMarkdown" */,
			);
			preferredProjectObjectVersion = 77;
			productRefGroup = 48307B45C76F5D079C1FB564 /* Products */;
			projectDirPath = "";
			projectRoot = "";
			targets = (
				216C79333D7ADE299222C77D /* AnyAICLIRemoteCore */,
				9DB35BB006A8583227B8517D /* AnyAICLIRemoteFeature */,
				CFBBE30E19C09F7C94A2A7E6 /* AnyAICLIRemote */,
				1EA8261BC8EB4A80A77B1CF1 /* AnyAICLIRemoteTests */,
				F19ABCCF7021CFE1820C0F6E /* AnyAICLIRemoteUITests */,
			);
		};
/* End PBXProject section */

/* Begin PBXSourcesBuildPhase section */
		0C88A8A006FFDD61D076686D /* Sources */ = {
			isa = PBXSourcesBuildPhase;
			buildActionMask = 2147483647;
			files = (
				08553394D3BB8A4B58A3607F /* ChatBlockView.swift in Sources */,
				FEA9BBC8929CB9AA31C8A981 /* ChatMessageCollectionView.swift in Sources */,
				7907ED6E7AC904305124EBDD /* ChatNotificationMapper.swift in Sources */,
				798310F33203851A7D4E5700 /* ChatOperationContext.swift in Sources */,
				CF28F444E611592EA98AB24A /* ChatOwnership.swift in Sources */,
				169D496A6D239FAB26D8BCCB /* ChatStore.swift in Sources */,
				AD038917EE75752BEC1FE2E3 /* ChatTranscriptReducer.swift in Sources */,
				000C1C7DFF8D49BBF8DB12AC /* ChatView.swift in Sources */,
				2E4FD28C647D9244E08EE087 /* ChildAgentReducer.swift in Sources */,
				27486B6A6471A3A9E06233F4 /* ChildAgentStripView.swift in Sources */,
				122886E7F6BAE8D53AB88138 /* ConnectionCoordinator.swift in Sources */,
				F92D9190CA294C5B0538DF6E /* DeviceCoordinator.swift in Sources */,
				6DEC49F0776F8255CD0A20DC /* DeviceHealthMonitor.swift in Sources */,
				15F667090F82A69570BB1F50 /* DeviceListView.swift in Sources */,
				8870C19A18D7FAF6D3762D74 /* PairingView.swift in Sources */,
				E8444104B2F7F2B3DFBDFF6E /* PendingUserEchoTracker.swift in Sources */,
				33776D840BEB97715805801A /* QRCodeScannerView.swift in Sources */,
				4A6DBD6BCFEDD10DB8E67F97 /* RootView.swift in Sources */,
				C01723E96C22FD411CEF7B04 /* SessionCoordinator.swift in Sources */,
				A06CCE8C4BCEF8BAC7B9F3E3 /* SessionListView.swift in Sources */,
				426943C90E6221E92A3030BA /* TurnCoordinator.swift in Sources */,
				C58E303F29E06CE896F18F7A /* WorkspaceBrowser.swift in Sources */,
				3370E7BDC67E54EBEABAEF59 /* WorkspaceFilePickerView.swift in Sources */,
			);
			runOnlyForDeploymentPostprocessing = 0;
		};
		5101788C2CD6177A3A6F6C09 /* Sources */ = {
			isa = PBXSourcesBuildPhase;
			buildActionMask = 2147483647;
			files = (
				FE5718A30BE18C41B3A21D76 /* ACPWire.swift in Sources */,
				5F3CB4C4DD55C78BB506E336 /* AnyAICLIRemoteClient.swift in Sources */,
				DA4C40E45109F36DB9BFB461 /* ChildAgent.swift in Sources */,
				86F199A179C12BDE733EBEF4 /* ChildAgentPayloadMapper.swift in Sources */,
				D1598F6A8785589601B45478 /* ClientRuntimeConfiguration.swift in Sources */,
				4D4578D8876FADC5D4A9EF11 /* DeviceHealthProbe.swift in Sources */,
				826B437EE4AE058A9719DDB9 /* DeviceProfileRepository.swift in Sources */,
				33FC57F202BFC39E4215D131 /* GenericPasswordStore.swift in Sources */,
				9EC05529EB058D742874211E /* KeychainStore.swift in Sources */,
				760E918CB2B48ACB26C17FE0 /* Models.swift in Sources */,
				3B0445B3F5F09B3A915E5228 /* PairingDeepLink.swift in Sources */,
				DDAC91D98524B491FDE217BB /* ProductIdentifiers.swift in Sources */,
				C80D56AC30E33B483AA63097 /* SessionPayloadMapper.swift in Sources */,
			);
			runOnlyForDeploymentPostprocessing = 0;
		};
		B9D1801873982D74294C2870 /* Sources */ = {
			isa = PBXSourcesBuildPhase;
			buildActionMask = 2147483647;
			files = (
				7BB91457D751189A912509BB /* ChatTranscriptReducerTests.swift in Sources */,
				3FD8785B65255F270BDF6F0A /* ChildAgentNotificationMapperTests.swift in Sources */,
				8404335D2B48F7F65D3E5F5B /* ChildAgentPayloadMapperTests.swift in Sources */,
				CA031B38CE8804D60A150217 /* ChildAgentReducerTests.swift in Sources */,
				FB5A32CEFF022E20BEA0259D /* ClientRuntimeConfigurationTests.swift in Sources */,
				72A9FB5FCD4B493E10F0A5CA /* DevicePersistenceTests.swift in Sources */,
				C417EEAB4DE96EE136688F11 /* DeviceProfileRepositoryTests.swift in Sources */,
				1C573DB2FAF3A09C3AE30BF9 /* GenericPasswordStoreTests.swift in Sources */,
				F0E3DBA62B92F21417147232 /* JSONRPCBoundaryTests.swift in Sources */,
				5370578B3BDAD3BE3853712C /* PairingDeepLinkTests.swift in Sources */,
				46CF6768A9196D54F24E3A5F /* PendingUserEchoTrackerTests.swift in Sources */,
				043BA6E5A9B023EBBE04836C /* RESTPathEncodingTests.swift in Sources */,
				43E845AD111AD4A7D9F8676D /* SessionHistoryReconstructionTests.swift in Sources */,
				C076595CDB8B461F51EE7DCB /* TurnFinalizationTests.swift in Sources */,
				FA956667CAD450653B9BB194 /* WebSocketAuthorizationTests.swift in Sources */,
				38E7936FEE2CD862E0ED48F2 /* WorkspaceAttachmentTests.swift in Sources */,
			);
			runOnlyForDeploymentPostprocessing = 0;
		};
		CE9D5F9D6A9AF4A325877107 /* Sources */ = {
			isa = PBXSourcesBuildPhase;
			buildActionMask = 2147483647;
			files = (
				9DBD70AED643C45B9127B555 /* DevicePairingUITests.swift in Sources */,
			);
			runOnlyForDeploymentPostprocessing = 0;
		};
		E824A8FEE54EA4D4C10F3CC9 /* Sources */ = {
			isa = PBXSourcesBuildPhase;
			buildActionMask = 2147483647;
			files = (
				F385BB5C0E3FC6344E877568 /* AnyAICLIRemoteApp.swift in Sources */,
			);
			runOnlyForDeploymentPostprocessing = 0;
		};
/* End PBXSourcesBuildPhase section */

/* Begin PBXTargetDependency section */
		2DB4E2237C2C321CFED649A2 /* PBXTargetDependency */ = {
			isa = PBXTargetDependency;
			target = 9DB35BB006A8583227B8517D /* AnyAICLIRemoteFeature */;
			targetProxy = E390F6790D7C1ACD1EF72CD9 /* PBXContainerItemProxy */;
		};
		56FE2FDCDCA806DF648E527E /* PBXTargetDependency */ = {
			isa = PBXTargetDependency;
			target = 9DB35BB006A8583227B8517D /* AnyAICLIRemoteFeature */;
			targetProxy = AF2634E8365DDC7FC17BCFE4 /* PBXContainerItemProxy */;
		};
		76D07125D4D72A0500AB0069 /* PBXTargetDependency */ = {
			isa = PBXTargetDependency;
			target = CFBBE30E19C09F7C94A2A7E6 /* AnyAICLIRemote */;
			targetProxy = 87E0D0D64A64688DCD1774D8 /* PBXContainerItemProxy */;
		};
		811F8FF47634CC54B5A7B11F /* PBXTargetDependency */ = {
			isa = PBXTargetDependency;
			target = 216C79333D7ADE299222C77D /* AnyAICLIRemoteCore */;
			targetProxy = 740AA441FC7756DD4C753910 /* PBXContainerItemProxy */;
		};
		A159B251510A9D342883A956 /* PBXTargetDependency */ = {
			isa = PBXTargetDependency;
			target = 216C79333D7ADE299222C77D /* AnyAICLIRemoteCore */;
			targetProxy = E7641F369382CEA02FF2F197 /* PBXContainerItemProxy */;
		};
		F0D92199027FBA9B883535C8 /* PBXTargetDependency */ = {
			isa = PBXTargetDependency;
			target = 216C79333D7ADE299222C77D /* AnyAICLIRemoteCore */;
			targetProxy = BBC7F4C3E7D2E0871484089A /* PBXContainerItemProxy */;
		};
/* End PBXTargetDependency section */

/* Begin XCBuildConfiguration section */
		1D3887E554F26E51020A201C /* Release */ = {
			isa = XCBuildConfiguration;
			buildSettings = {
				BUNDLE_LOADER = "$(TEST_HOST)";
				GCC_TREAT_WARNINGS_AS_ERRORS = YES;
				GENERATE_INFOPLIST_FILE = YES;
				LD_RUNPATH_SEARCH_PATHS = (
					"$(inherited)",
					"@executable_path/Frameworks",
					"@loader_path/Frameworks",
				);
				PRODUCT_BUNDLE_IDENTIFIER = "$(ANY_AI_CLI_REMOTE_PRODUCT_BUNDLE_IDENTIFIER).uitests";
				SDKROOT = iphoneos;
				SWIFT_TREAT_WARNINGS_AS_ERRORS = YES;
				TARGETED_DEVICE_FAMILY = "1,2";
				TEST_TARGET_NAME = AnyAICLIRemote;
			};
			name = Release;
		};
		322C1703176EBFA58D007895 /* Debug */ = {
			isa = XCBuildConfiguration;
			buildSettings = {
				BUNDLE_LOADER = "$(TEST_HOST)";
				GCC_TREAT_WARNINGS_AS_ERRORS = YES;
				GENERATE_INFOPLIST_FILE = NO;
				INFOPLIST_FILE = AnyAICLIRemote/Info.plist;
				INFOPLIST_KEY_AnyAICLIRemoteProductAuthorizationHeader = "$(ANY_AI_CLI_REMOTE_PRODUCT_AUTHORIZATION_HEADER)";
				INFOPLIST_KEY_AnyAICLIRemoteProductClientName = "$(ANY_AI_CLI_REMOTE_PRODUCT_CLIENT_NAME)";
				INFOPLIST_KEY_AnyAICLIRemoteProductPairingScheme = "$(ANY_AI_CLI_REMOTE_PRODUCT_PAIRING_SCHEME)";
				INFOPLIST_KEY_CFBundleDisplayName = "$(ANY_AI_CLI_REMOTE_PRODUCT_DISPLAY_NAME)";
				LD_RUNPATH_SEARCH_PATHS = (
					"$(inherited)",
					"@executable_path/Frameworks",
					"@loader_path/Frameworks",
				);
				PRODUCT_BUNDLE_IDENTIFIER = "$(ANY_AI_CLI_REMOTE_PRODUCT_BUNDLE_IDENTIFIER).tests";
				SDKROOT = iphoneos;
				SWIFT_TREAT_WARNINGS_AS_ERRORS = YES;
				TARGETED_DEVICE_FAMILY = "1,2";
			};
			name = Debug;
		};
		481A9AD0AF6978139FCBA42B /* Release */ = {
			isa = XCBuildConfiguration;
			buildSettings = {
				ALWAYS_SEARCH_USER_PATHS = NO;
				ANY_AI_CLI_REMOTE_PRODUCT_AUTHORIZATION_HEADER = "X-Any-AI-CLI-Remote-Key";
				ANY_AI_CLI_REMOTE_PRODUCT_BUNDLE_IDENTIFIER = com.anyaicliremote.app;
				ANY_AI_CLI_REMOTE_PRODUCT_CLIENT_NAME = "any-aicli-remote-app-ios";
				ANY_AI_CLI_REMOTE_PRODUCT_DISPLAY_NAME = "Any AI CLI Remote";
				ANY_AI_CLI_REMOTE_PRODUCT_PAIRING_SCHEME = anyaicliremote;
				CLANG_ANALYZER_NONNULL = YES;
				CLANG_ANALYZER_NUMBER_OBJECT_CONVERSION = YES_AGGRESSIVE;
				CLANG_CXX_LANGUAGE_STANDARD = "gnu++14";
				CLANG_CXX_LIBRARY = "libc++";
				CLANG_ENABLE_MODULES = YES;
				CLANG_ENABLE_OBJC_ARC = YES;
				CLANG_ENABLE_OBJC_WEAK = YES;
				CLANG_WARN_BLOCK_CAPTURE_AUTORELEASING = YES;
				CLANG_WARN_BOOL_CONVERSION = YES;
				CLANG_WARN_COMMA = YES;
				CLANG_WARN_CONSTANT_CONVERSION = YES;
				CLANG_WARN_DEPRECATED_OBJC_IMPLEMENTATIONS = YES;
				CLANG_WARN_DIRECT_OBJC_ISA_USAGE = YES_ERROR;
				CLANG_WARN_DOCUMENTATION_COMMENTS = YES;
				CLANG_WARN_EMPTY_BODY = YES;
				CLANG_WARN_ENUM_CONVERSION = YES;
				CLANG_WARN_INFINITE_RECURSION = YES;
				CLANG_WARN_INT_CONVERSION = YES;
				CLANG_WARN_NON_LITERAL_NULL_CONVERSION = YES;
				CLANG_WARN_OBJC_IMPLICIT_RETAIN_SELF = YES;
				CLANG_WARN_OBJC_LITERAL_CONVERSION = YES;
				CLANG_WARN_OBJC_ROOT_CLASS = YES_ERROR;
				CLANG_WARN_QUOTED_INCLUDE_IN_FRAMEWORK_HEADER = YES;
				CLANG_WARN_RANGE_LOOP_ANALYSIS = YES;
				CLANG_WARN_STRICT_PROTOTYPES = YES;
				CLANG_WARN_SUSPICIOUS_MOVE = YES;
				CLANG_WARN_UNGUARDED_AVAILABILITY = YES_AGGRESSIVE;
				CLANG_WARN_UNREACHABLE_CODE = YES;
				CLANG_WARN__DUPLICATE_METHOD_MATCH = YES;
				COPY_PHASE_STRIP = NO;
				CURRENT_PROJECT_VERSION = 1;
				DEBUG_INFORMATION_FORMAT = "dwarf-with-dsym";
				DEVELOPMENT_TEAM = "";
				ENABLE_NS_ASSERTIONS = NO;
				ENABLE_STRICT_OBJC_MSGSEND = YES;
				GCC_C_LANGUAGE_STANDARD = gnu11;
				GCC_NO_COMMON_BLOCKS = YES;
				GCC_WARN_64_TO_32_BIT_CONVERSION = YES;
				GCC_WARN_ABOUT_RETURN_TYPE = YES_ERROR;
				GCC_WARN_UNDECLARED_SELECTOR = YES;
				GCC_WARN_UNINITIALIZED_AUTOS = YES_AGGRESSIVE;
				GCC_WARN_UNUSED_FUNCTION = YES;
				GCC_WARN_UNUSED_VARIABLE = YES;
				IPHONEOS_DEPLOYMENT_TARGET = 17.0;
				MARKETING_VERSION = 0.1.0;
				MTL_ENABLE_DEBUG_INFO = NO;
				MTL_FAST_MATH = YES;
				PRODUCT_NAME = "$(TARGET_NAME)";
				SDKROOT = iphoneos;
				SWIFT_COMPILATION_MODE = wholemodule;
				SWIFT_OPTIMIZATION_LEVEL = "-O";
				SWIFT_VERSION = 5.0;
			};
			name = Release;
		};
		4B0BD9A32E715D777130BC9E /* Debug */ = {
			isa = XCBuildConfiguration;
			buildSettings = {
				CODE_SIGN_IDENTITY = "";
				CURRENT_PROJECT_VERSION = 1;
				DEFINES_MODULE = YES;
				DYLIB_COMPATIBILITY_VERSION = 1;
				DYLIB_CURRENT_VERSION = 1;
				DYLIB_INSTALL_NAME_BASE = "@rpath";
				GENERATE_INFOPLIST_FILE = YES;
				INSTALL_PATH = "$(LOCAL_LIBRARY_DIR)/Frameworks";
				LD_RUNPATH_SEARCH_PATHS = (
					"$(inherited)",
					"@executable_path/Frameworks",
				);
				PRODUCT_BUNDLE_IDENTIFIER = "$(ANY_AI_CLI_REMOTE_PRODUCT_BUNDLE_IDENTIFIER).core";
				PRODUCT_MODULE_NAME = AnyAICLIRemoteCore;
				SDKROOT = iphoneos;
				SKIP_INSTALL = YES;
				SWIFT_TREAT_WARNINGS_AS_ERRORS = YES;
				TARGETED_DEVICE_FAMILY = "1,2";
				VERSIONING_SYSTEM = "apple-generic";
			};
			name = Debug;
		};
		6CF4934F16203ED01E81E69E /* Debug */ = {
			isa = XCBuildConfiguration;
			buildSettings = {
				CODE_SIGN_IDENTITY = "";
				CURRENT_PROJECT_VERSION = 1;
				DEFINES_MODULE = YES;
				DYLIB_COMPATIBILITY_VERSION = 1;
				DYLIB_CURRENT_VERSION = 1;
				DYLIB_INSTALL_NAME_BASE = "@rpath";
				GENERATE_INFOPLIST_FILE = YES;
				INSTALL_PATH = "$(LOCAL_LIBRARY_DIR)/Frameworks";
				LD_RUNPATH_SEARCH_PATHS = (
					"$(inherited)",
					"@executable_path/Frameworks",
				);
				PRODUCT_BUNDLE_IDENTIFIER = "$(ANY_AI_CLI_REMOTE_PRODUCT_BUNDLE_IDENTIFIER).feature";
				PRODUCT_MODULE_NAME = AnyAICLIRemoteFeature;
				SDKROOT = iphoneos;
				SKIP_INSTALL = YES;
				SWIFT_TREAT_WARNINGS_AS_ERRORS = YES;
				TARGETED_DEVICE_FAMILY = "1,2";
				VERSIONING_SYSTEM = "apple-generic";
			};
			name = Debug;
		};
		7D56490750CF478D83AAE863 /* Debug */ = {
			isa = XCBuildConfiguration;
			buildSettings = {
				ASSETCATALOG_COMPILER_APPICON_NAME = AppIcon;
				CODE_SIGN_IDENTITY = "iPhone Developer";
				GCC_TREAT_WARNINGS_AS_ERRORS = YES;
				GENERATE_INFOPLIST_FILE = NO;
				INFOPLIST_FILE = AnyAICLIRemote/Info.plist;
				LD_RUNPATH_SEARCH_PATHS = (
					"$(inherited)",
					"@executable_path/Frameworks",
				);
				PRODUCT_BUNDLE_IDENTIFIER = "$(ANY_AI_CLI_REMOTE_PRODUCT_BUNDLE_IDENTIFIER)";
				PRODUCT_MODULE_NAME = AnyAICLIRemote;
				PRODUCT_NAME = "$(ANY_AI_CLI_REMOTE_PRODUCT_DISPLAY_NAME)";
				SDKROOT = iphoneos;
				SWIFT_TREAT_WARNINGS_AS_ERRORS = YES;
				TARGETED_DEVICE_FAMILY = "1,2";
			};
			name = Debug;
		};
		A64E957B4ABB87D35C61E9AD /* Release */ = {
			isa = XCBuildConfiguration;
			buildSettings = {
				ASSETCATALOG_COMPILER_APPICON_NAME = AppIcon;
				CODE_SIGN_IDENTITY = "iPhone Developer";
				GCC_TREAT_WARNINGS_AS_ERRORS = YES;
				GENERATE_INFOPLIST_FILE = NO;
				INFOPLIST_FILE = AnyAICLIRemote/Info.plist;
				LD_RUNPATH_SEARCH_PATHS = (
					"$(inherited)",
					"@executable_path/Frameworks",
				);
				PRODUCT_BUNDLE_IDENTIFIER = "$(ANY_AI_CLI_REMOTE_PRODUCT_BUNDLE_IDENTIFIER)";
				PRODUCT_MODULE_NAME = AnyAICLIRemote;
				PRODUCT_NAME = "$(ANY_AI_CLI_REMOTE_PRODUCT_DISPLAY_NAME)";
				SDKROOT = iphoneos;
				SWIFT_TREAT_WARNINGS_AS_ERRORS = YES;
				TARGETED_DEVICE_FAMILY = "1,2";
			};
			name = Release;
		};
		B8877162D35FD484877323B1 /* Release */ = {
			isa = XCBuildConfiguration;
			buildSettings = {
				CODE_SIGN_IDENTITY = "";
				CURRENT_PROJECT_VERSION = 1;
				DEFINES_MODULE = YES;
				DYLIB_COMPATIBILITY_VERSION = 1;
				DYLIB_CURRENT_VERSION = 1;
				DYLIB_INSTALL_NAME_BASE = "@rpath";
				GENERATE_INFOPLIST_FILE = YES;
				INSTALL_PATH = "$(LOCAL_LIBRARY_DIR)/Frameworks";
				LD_RUNPATH_SEARCH_PATHS = (
					"$(inherited)",
					"@executable_path/Frameworks",
				);
				PRODUCT_BUNDLE_IDENTIFIER = "$(ANY_AI_CLI_REMOTE_PRODUCT_BUNDLE_IDENTIFIER).core";
				PRODUCT_MODULE_NAME = AnyAICLIRemoteCore;
				SDKROOT = iphoneos;
				SKIP_INSTALL = YES;
				SWIFT_TREAT_WARNINGS_AS_ERRORS = YES;
				TARGETED_DEVICE_FAMILY = "1,2";
				VERSIONING_SYSTEM = "apple-generic";
			};
			name = Release;
		};
		BB2191357AFDF293236AF0C5 /* Debug */ = {
			isa = XCBuildConfiguration;
			buildSettings = {
				ALWAYS_SEARCH_USER_PATHS = NO;
				ANY_AI_CLI_REMOTE_PRODUCT_AUTHORIZATION_HEADER = "X-Any-AI-CLI-Remote-Key";
				ANY_AI_CLI_REMOTE_PRODUCT_BUNDLE_IDENTIFIER = com.anyaicliremote.app;
				ANY_AI_CLI_REMOTE_PRODUCT_CLIENT_NAME = "any-aicli-remote-app-ios";
				ANY_AI_CLI_REMOTE_PRODUCT_DISPLAY_NAME = "Any AI CLI Remote";
				ANY_AI_CLI_REMOTE_PRODUCT_PAIRING_SCHEME = anyaicliremote;
				CLANG_ANALYZER_NONNULL = YES;
				CLANG_ANALYZER_NUMBER_OBJECT_CONVERSION = YES_AGGRESSIVE;
				CLANG_CXX_LANGUAGE_STANDARD = "gnu++14";
				CLANG_CXX_LIBRARY = "libc++";
				CLANG_ENABLE_MODULES = YES;
				CLANG_ENABLE_OBJC_ARC = YES;
				CLANG_ENABLE_OBJC_WEAK = YES;
				CLANG_WARN_BLOCK_CAPTURE_AUTORELEASING = YES;
				CLANG_WARN_BOOL_CONVERSION = YES;
				CLANG_WARN_COMMA = YES;
				CLANG_WARN_CONSTANT_CONVERSION = YES;
				CLANG_WARN_DEPRECATED_OBJC_IMPLEMENTATIONS = YES;
				CLANG_WARN_DIRECT_OBJC_ISA_USAGE = YES_ERROR;
				CLANG_WARN_DOCUMENTATION_COMMENTS = YES;
				CLANG_WARN_EMPTY_BODY = YES;
				CLANG_WARN_ENUM_CONVERSION = YES;
				CLANG_WARN_INFINITE_RECURSION = YES;
				CLANG_WARN_INT_CONVERSION = YES;
				CLANG_WARN_NON_LITERAL_NULL_CONVERSION = YES;
				CLANG_WARN_OBJC_IMPLICIT_RETAIN_SELF = YES;
				CLANG_WARN_OBJC_LITERAL_CONVERSION = YES;
				CLANG_WARN_OBJC_ROOT_CLASS = YES_ERROR;
				CLANG_WARN_QUOTED_INCLUDE_IN_FRAMEWORK_HEADER = YES;
				CLANG_WARN_RANGE_LOOP_ANALYSIS = YES;
				CLANG_WARN_STRICT_PROTOTYPES = YES;
				CLANG_WARN_SUSPICIOUS_MOVE = YES;
				CLANG_WARN_UNGUARDED_AVAILABILITY = YES_AGGRESSIVE;
				CLANG_WARN_UNREACHABLE_CODE = YES;
				CLANG_WARN__DUPLICATE_METHOD_MATCH = YES;
				COPY_PHASE_STRIP = NO;
				CURRENT_PROJECT_VERSION = 1;
				DEBUG_INFORMATION_FORMAT = dwarf;
				DEVELOPMENT_TEAM = "";
				ENABLE_STRICT_OBJC_MSGSEND = YES;
				ENABLE_TESTABILITY = YES;
				GCC_C_LANGUAGE_STANDARD = gnu11;
				GCC_DYNAMIC_NO_PIC = NO;
				GCC_NO_COMMON_BLOCKS = YES;
				GCC_OPTIMIZATION_LEVEL = 0;
				GCC_PREPROCESSOR_DEFINITIONS = (
					"$(inherited)",
					"DEBUG=1",
				);
				GCC_WARN_64_TO_32_BIT_CONVERSION = YES;
				GCC_WARN_ABOUT_RETURN_TYPE = YES_ERROR;
				GCC_WARN_UNDECLARED_SELECTOR = YES;
				GCC_WARN_UNINITIALIZED_AUTOS = YES_AGGRESSIVE;
				GCC_WARN_UNUSED_FUNCTION = YES;
				GCC_WARN_UNUSED_VARIABLE = YES;
				IPHONEOS_DEPLOYMENT_TARGET = 17.0;
				MARKETING_VERSION = 0.1.0;
				MTL_ENABLE_DEBUG_INFO = INCLUDE_SOURCE;
				MTL_FAST_MATH = YES;
				ONLY_ACTIVE_ARCH = YES;
				PRODUCT_NAME = "$(TARGET_NAME)";
				SDKROOT = iphoneos;
				SWIFT_ACTIVE_COMPILATION_CONDITIONS = DEBUG;
				SWIFT_OPTIMIZATION_LEVEL = "-Onone";
				SWIFT_VERSION = 5.0;
			};
			name = Debug;
		};
		DAEB56F7B3DC99B642D77661 /* Release */ = {
			isa = XCBuildConfiguration;
			buildSettings = {
				BUNDLE_LOADER = "$(TEST_HOST)";
				GCC_TREAT_WARNINGS_AS_ERRORS = YES;
				GENERATE_INFOPLIST_FILE = NO;
				INFOPLIST_FILE = AnyAICLIRemote/Info.plist;
				INFOPLIST_KEY_AnyAICLIRemoteProductAuthorizationHeader = "$(ANY_AI_CLI_REMOTE_PRODUCT_AUTHORIZATION_HEADER)";
				INFOPLIST_KEY_AnyAICLIRemoteProductClientName = "$(ANY_AI_CLI_REMOTE_PRODUCT_CLIENT_NAME)";
				INFOPLIST_KEY_AnyAICLIRemoteProductPairingScheme = "$(ANY_AI_CLI_REMOTE_PRODUCT_PAIRING_SCHEME)";
				INFOPLIST_KEY_CFBundleDisplayName = "$(ANY_AI_CLI_REMOTE_PRODUCT_DISPLAY_NAME)";
				LD_RUNPATH_SEARCH_PATHS = (
					"$(inherited)",
					"@executable_path/Frameworks",
					"@loader_path/Frameworks",
				);
				PRODUCT_BUNDLE_IDENTIFIER = "$(ANY_AI_CLI_REMOTE_PRODUCT_BUNDLE_IDENTIFIER).tests";
				SDKROOT = iphoneos;
				SWIFT_TREAT_WARNINGS_AS_ERRORS = YES;
				TARGETED_DEVICE_FAMILY = "1,2";
			};
			name = Release;
		};
		DF74A185D111B10EBEA5F589 /* Release */ = {
			isa = XCBuildConfiguration;
			buildSettings = {
				CODE_SIGN_IDENTITY = "";
				CURRENT_PROJECT_VERSION = 1;
				DEFINES_MODULE = YES;
				DYLIB_COMPATIBILITY_VERSION = 1;
				DYLIB_CURRENT_VERSION = 1;
				DYLIB_INSTALL_NAME_BASE = "@rpath";
				GENERATE_INFOPLIST_FILE = YES;
				INSTALL_PATH = "$(LOCAL_LIBRARY_DIR)/Frameworks";
				LD_RUNPATH_SEARCH_PATHS = (
					"$(inherited)",
					"@executable_path/Frameworks",
				);
				PRODUCT_BUNDLE_IDENTIFIER = "$(ANY_AI_CLI_REMOTE_PRODUCT_BUNDLE_IDENTIFIER).feature";
				PRODUCT_MODULE_NAME = AnyAICLIRemoteFeature;
				SDKROOT = iphoneos;
				SKIP_INSTALL = YES;
				SWIFT_TREAT_WARNINGS_AS_ERRORS = YES;
				TARGETED_DEVICE_FAMILY = "1,2";
				VERSIONING_SYSTEM = "apple-generic";
			};
			name = Release;
		};
		E795A4F599F30A42FE6DB026 /* Debug */ = {
			isa = XCBuildConfiguration;
			buildSettings = {
				BUNDLE_LOADER = "$(TEST_HOST)";
				GCC_TREAT_WARNINGS_AS_ERRORS = YES;
				GENERATE_INFOPLIST_FILE = YES;
				LD_RUNPATH_SEARCH_PATHS = (
					"$(inherited)",
					"@executable_path/Frameworks",
					"@loader_path/Frameworks",
				);
				PRODUCT_BUNDLE_IDENTIFIER = "$(ANY_AI_CLI_REMOTE_PRODUCT_BUNDLE_IDENTIFIER).uitests";
				SDKROOT = iphoneos;
				SWIFT_TREAT_WARNINGS_AS_ERRORS = YES;
				TARGETED_DEVICE_FAMILY = "1,2";
				TEST_TARGET_NAME = AnyAICLIRemote;
			};
			name = Debug;
		};
/* End XCBuildConfiguration section */

/* Begin XCConfigurationList section */
		36491CDDABB8D2F38513F413 /* Build configuration list for PBXNativeTarget "AnyAICLIRemoteUITests" */ = {
			isa = XCConfigurationList;
			buildConfigurations = (
				E795A4F599F30A42FE6DB026 /* Debug */,
				1D3887E554F26E51020A201C /* Release */,
			);
			defaultConfigurationIsVisible = 0;
			defaultConfigurationName = Debug;
		};
		7A8A15EB72C8A0233759D167 /* Build configuration list for PBXNativeTarget "AnyAICLIRemoteCore" */ = {
			isa = XCConfigurationList;
			buildConfigurations = (
				4B0BD9A32E715D777130BC9E /* Debug */,
				B8877162D35FD484877323B1 /* Release */,
			);
			defaultConfigurationIsVisible = 0;
			defaultConfigurationName = Debug;
		};
		7CC4764767D260D64BF06970 /* Build configuration list for PBXNativeTarget "AnyAICLIRemoteFeature" */ = {
			isa = XCConfigurationList;
			buildConfigurations = (
				6CF4934F16203ED01E81E69E /* Debug */,
				DF74A185D111B10EBEA5F589 /* Release */,
			);
			defaultConfigurationIsVisible = 0;
			defaultConfigurationName = Debug;
		};
		AA362B71BAEE43BA61B65C74 /* Build configuration list for PBXNativeTarget "AnyAICLIRemote" */ = {
			isa = XCConfigurationList;
			buildConfigurations = (
				7D56490750CF478D83AAE863 /* Debug */,
				A64E957B4ABB87D35C61E9AD /* Release */,
			);
			defaultConfigurationIsVisible = 0;
			defaultConfigurationName = Debug;
		};
		B949AE1CF51F5C9F48E60548 /* Build configuration list for PBXProject "AnyAICLIRemote" */ = {
			isa = XCConfigurationList;
			buildConfigurations = (
				BB2191357AFDF293236AF0C5 /* Debug */,
				481A9AD0AF6978139FCBA42B /* Release */,
			);
			defaultConfigurationIsVisible = 0;
			defaultConfigurationName = Debug;
		};
		DEE1176A44E2224210954975 /* Build configuration list for PBXNativeTarget "AnyAICLIRemoteTests" */ = {
			isa = XCConfigurationList;
			buildConfigurations = (
				322C1703176EBFA58D007895 /* Debug */,
				DAEB56F7B3DC99B642D77661 /* Release */,
			);
			defaultConfigurationIsVisible = 0;
			defaultConfigurationName = Debug;
		};
/* End XCConfigurationList section */

/* Begin XCRemoteSwiftPackageReference section */
		5C0F3624CF3EC1E477CAD809 /* XCRemoteSwiftPackageReference "SwiftStreamingMarkdown" */ = {
			isa = XCRemoteSwiftPackageReference;
			repositoryURL = "https://github.com/microsoft/SwiftStreamingMarkdown";
			requirement = {
				kind = revision;
				revision = c7b12f7b3d77caa188fd1fc056d0f7ce305ef5cd;
			};
		};
/* End XCRemoteSwiftPackageReference section */

/* Begin XCSwiftPackageProductDependency section */
		04CF4E9386BB03CAFEE62018 /* SwiftStreamingMarkdown */ = {
			isa = XCSwiftPackageProductDependency;
			package = 5C0F3624CF3EC1E477CAD809 /* XCRemoteSwiftPackageReference "SwiftStreamingMarkdown" */;
			productName = SwiftStreamingMarkdown;
		};
/* End XCSwiftPackageProductDependency section */
	};
	rootObject = B0D02D770793E009764EB062 /* Project object */;
}
