// !$*UTF8*$!
{
	archiveVersion = 1;
	classes = {
	};
	objectVersion = 77;
	objects = {

/* Begin PBXBuildFile section */
		139625AC3C06160F3A194917 /* LauncherSettings.swift in Sources */ = {isa = PBXBuildFile; fileRef = E652F38E4F3911738F85E505 /* LauncherSettings.swift */; };
		3AC6E13F8F54282FC151F0A1 /* ContentView.swift in Sources */ = {isa = PBXBuildFile; fileRef = FF9ECF715A7642B5577984F5 /* ContentView.swift */; };
		752F4FD00C569367E0B1E235 /* LauncherModels.swift in Sources */ = {isa = PBXBuildFile; fileRef = AF427A7C65ADE79A76AFE8ED /* LauncherModels.swift */; };
		ABCD68B1DAADDBE2DF12EEAF /* QRCodeView.swift in Sources */ = {isa = PBXBuildFile; fileRef = 3EEB2777B0BE5A579D2F96B6 /* QRCodeView.swift */; };
		F835F1B9648A07B13BE03A58 /* DaemonController.swift in Sources */ = {isa = PBXBuildFile; fileRef = 54A1881F15CFD4B05CC616BF /* DaemonController.swift */; };
		FD116ED8832044C40716C81D /* GrokRemoteLauncherApp.swift in Sources */ = {isa = PBXBuildFile; fileRef = AC10FF91F976785000E34871 /* GrokRemoteLauncherApp.swift */; };
/* End PBXBuildFile section */

/* Begin PBXFileReference section */
		3EEB2777B0BE5A579D2F96B6 /* QRCodeView.swift */ = {isa = PBXFileReference; lastKnownFileType = sourcecode.swift; path = QRCodeView.swift; sourceTree = "<group>"; };
		54A1881F15CFD4B05CC616BF /* DaemonController.swift */ = {isa = PBXFileReference; lastKnownFileType = sourcecode.swift; path = DaemonController.swift; sourceTree = "<group>"; };
		AC10FF91F976785000E34871 /* GrokRemoteLauncherApp.swift */ = {isa = PBXFileReference; lastKnownFileType = sourcecode.swift; path = GrokRemoteLauncherApp.swift; sourceTree = "<group>"; };
		AF427A7C65ADE79A76AFE8ED /* LauncherModels.swift */ = {isa = PBXFileReference; lastKnownFileType = sourcecode.swift; path = LauncherModels.swift; sourceTree = "<group>"; };
		E652F38E4F3911738F85E505 /* LauncherSettings.swift */ = {isa = PBXFileReference; lastKnownFileType = sourcecode.swift; path = LauncherSettings.swift; sourceTree = "<group>"; };
		F5695E8F040165F4CFFBD818 /* GrokRemoteLauncher.app */ = {isa = PBXFileReference; explicitFileType = wrapper.application; includeInIndex = 0; path = GrokRemoteLauncher.app; sourceTree = BUILT_PRODUCTS_DIR; };
		FF9ECF715A7642B5577984F5 /* ContentView.swift */ = {isa = PBXFileReference; lastKnownFileType = sourcecode.swift; path = ContentView.swift; sourceTree = "<group>"; };
/* End PBXFileReference section */

/* Begin PBXGroup section */
		DC8D9937DC606F2159EBAE0A /* GrokRemoteLauncher */ = {
			isa = PBXGroup;
			children = (
				FF9ECF715A7642B5577984F5 /* ContentView.swift */,
				54A1881F15CFD4B05CC616BF /* DaemonController.swift */,
				AC10FF91F976785000E34871 /* GrokRemoteLauncherApp.swift */,
				AF427A7C65ADE79A76AFE8ED /* LauncherModels.swift */,
				E652F38E4F3911738F85E505 /* LauncherSettings.swift */,
				3EEB2777B0BE5A579D2F96B6 /* QRCodeView.swift */,
			);
			path = GrokRemoteLauncher;
			sourceTree = "<group>";
		};
		F21DE6485062F004A1F5B85C = {
			isa = PBXGroup;
			children = (
				DC8D9937DC606F2159EBAE0A /* GrokRemoteLauncher */,
				F6782F6AAA3D2B182780DC91 /* Products */,
			);
			sourceTree = "<group>";
		};
		F6782F6AAA3D2B182780DC91 /* Products */ = {
			isa = PBXGroup;
			children = (
				F5695E8F040165F4CFFBD818 /* GrokRemoteLauncher.app */,
			);
			name = Products;
			sourceTree = "<group>";
		};
/* End PBXGroup section */

/* Begin PBXNativeTarget section */
		D9C5652D915669E0F245A6D6 /* GrokRemoteLauncher */ = {
			isa = PBXNativeTarget;
			buildConfigurationList = FD8C278990EACDC77974A754 /* Build configuration list for PBXNativeTarget "GrokRemoteLauncher" */;
			buildPhases = (
				E627808BD5FA3AF8CC58CCC3 /* Sources */,
				F95214A957D986AEA2BB9C52 /* Embed Grok Remote daemon */,
			);
			buildRules = (
			);
			dependencies = (
			);
			name = GrokRemoteLauncher;
			packageProductDependencies = (
			);
			productName = GrokRemoteLauncher;
			productReference = F5695E8F040165F4CFFBD818 /* GrokRemoteLauncher.app */;
			productType = "com.apple.product-type.application";
		};
/* End PBXNativeTarget section */

/* Begin PBXProject section */
		DE18474BEC7FF1F0A2D3649C /* Project object */ = {
			isa = PBXProject;
			attributes = {
				BuildIndependentTargetsInParallel = YES;
				LastUpgradeCheck = 1430;
				TargetAttributes = {
					D9C5652D915669E0F245A6D6 = {
						DevelopmentTeam = "";
					};
				};
			};
			buildConfigurationList = F479C906D64C1383EC99F362 /* Build configuration list for PBXProject "GrokRemoteLauncher" */;
			developmentRegion = en;
			hasScannedForEncodings = 0;
			knownRegions = (
				Base,
				en,
			);
			mainGroup = F21DE6485062F004A1F5B85C;
			minimizedProjectReferenceProxies = 1;
			preferredProjectObjectVersion = 77;
			productRefGroup = F6782F6AAA3D2B182780DC91 /* Products */;
			projectDirPath = "";
			projectRoot = "";
			targets = (
				D9C5652D915669E0F245A6D6 /* GrokRemoteLauncher */,
			);
		};
/* End PBXProject section */

/* Begin PBXShellScriptBuildPhase section */
		F95214A957D986AEA2BB9C52 /* Embed Grok Remote daemon */ = {
			isa = PBXShellScriptBuildPhase;
			alwaysOutOfDate = 1;
			buildActionMask = 2147483647;
			files = (
			);
			inputFileListPaths = (
			);
			inputPaths = (
				"$(PROJECT_DIR)/../dist/grok-remote-daemon",
			);
			name = "Embed Grok Remote daemon";
			outputFileListPaths = (
			);
			outputPaths = (
				"$(TARGET_BUILD_DIR)/$(UNLOCALIZED_RESOURCES_FOLDER_PATH)/Daemon/grok-remote-daemon",
			);
			runOnlyForDeploymentPostprocessing = 0;
			shellPath = /bin/sh;
			shellScript = "set -euo pipefail\ndaemon_source=\"${PROJECT_DIR}/../dist/grok-remote-daemon\"\ndaemon_directory=\"${TARGET_BUILD_DIR}/${UNLOCALIZED_RESOURCES_FOLDER_PATH}/Daemon\"\ndaemon_destination=\"${daemon_directory}/grok-remote-daemon\"\n\nif [[ ! -x \"${daemon_source}\" ]]; then\n  echo \"error: missing executable daemon at ${daemon_source}\" >&2\n  exit 1\nfi\n\n/bin/mkdir -p \"${daemon_directory}\"\n/usr/bin/ditto \"${daemon_source}\" \"${daemon_destination}\"\n/bin/chmod 0755 \"${daemon_destination}\"\n";
		};
/* End PBXShellScriptBuildPhase section */

/* Begin PBXSourcesBuildPhase section */
		E627808BD5FA3AF8CC58CCC3 /* Sources */ = {
			isa = PBXSourcesBuildPhase;
			buildActionMask = 2147483647;
			files = (
				3AC6E13F8F54282FC151F0A1 /* ContentView.swift in Sources */,
				F835F1B9648A07B13BE03A58 /* DaemonController.swift in Sources */,
				FD116ED8832044C40716C81D /* GrokRemoteLauncherApp.swift in Sources */,
				752F4FD00C569367E0B1E235 /* LauncherModels.swift in Sources */,
				139625AC3C06160F3A194917 /* LauncherSettings.swift in Sources */,
				ABCD68B1DAADDBE2DF12EEAF /* QRCodeView.swift in Sources */,
			);
			runOnlyForDeploymentPostprocessing = 0;
		};
/* End PBXSourcesBuildPhase section */

/* Begin XCBuildConfiguration section */
		00C0376F098FC20F58033487 /* Release */ = {
			isa = XCBuildConfiguration;
			buildSettings = {
				ASSETCATALOG_COMPILER_APPICON_NAME = AppIcon;
				COMBINE_HIDPI_IMAGES = YES;
				CURRENT_PROJECT_VERSION = 1;
				GENERATE_INFOPLIST_FILE = YES;
				INFOPLIST_KEY_CFBundleDisplayName = "Grok Remote Launcher";
				INFOPLIST_KEY_LSApplicationCategoryType = "public.app-category.developer-tools";
				INFOPLIST_KEY_NSHighResolutionCapable = YES;
				INFOPLIST_KEY_NSLocalNetworkUsageDescription = "Connect to the local Grok Remote daemon.";
				LD_RUNPATH_SEARCH_PATHS = (
					"$(inherited)",
					"@executable_path/../Frameworks",
				);
				MACOSX_DEPLOYMENT_TARGET = 14.0;
				MARKETING_VERSION = 1.0.0;
				PRODUCT_BUNDLE_IDENTIFIER = com.grokremote.launcher;
				PRODUCT_MODULE_NAME = GrokRemoteLauncher;
				PRODUCT_NAME = "Grok Remote Launcher";
				SDKROOT = macosx;
			};
			name = Release;
		};
		7FAA7E11CCB7CB84CABF7A24 /* Debug */ = {
			isa = XCBuildConfiguration;
			buildSettings = {
				ALWAYS_SEARCH_USER_PATHS = NO;
				ARCHS = arm64;
				CLANG_ANALYZER_NONNULL = YES;
				CLANG_ANALYZER_NUMBER_OBJECT_CONVERSION = YES_AGGRESSIVE;
				CLANG_CXX_LANGUAGE_STANDARD = "gnu++14";
				CLANG_CXX_LIBRARY = "libc++";
				CLANG_ENABLE_MODULES = YES;
				CLANG_ENABLE_OBJC_ARC = YES;
				CLANG_ENABLE_OBJC_WEAK = YES;
				CLANG_WARN_BLOCK_CAPTURE_AUTORELEASING = YES;
				CLANG_WARN_BOOL_CONVERSION = YES;
				CLANG_WARN_COMMA = YES;
				CLANG_WARN_CONSTANT_CONVERSION = YES;
				CLANG_WARN_DEPRECATED_OBJC_IMPLEMENTATIONS = YES;
				CLANG_WARN_DIRECT_OBJC_ISA_USAGE = YES_ERROR;
				CLANG_WARN_DOCUMENTATION_COMMENTS = YES;
				CLANG_WARN_EMPTY_BODY = YES;
				CLANG_WARN_ENUM_CONVERSION = YES;
				CLANG_WARN_INFINITE_RECURSION = YES;
				CLANG_WARN_INT_CONVERSION = YES;
				CLANG_WARN_NON_LITERAL_NULL_CONVERSION = YES;
				CLANG_WARN_OBJC_IMPLICIT_RETAIN_SELF = YES;
				CLANG_WARN_OBJC_LITERAL_CONVERSION = YES;
				CLANG_WARN_OBJC_ROOT_CLASS = YES_ERROR;
				CLANG_WARN_QUOTED_INCLUDE_IN_FRAMEWORK_HEADER = YES;
				CLANG_WARN_RANGE_LOOP_ANALYSIS = YES;
				CLANG_WARN_STRICT_PROTOTYPES = YES;
				CLANG_WARN_SUSPICIOUS_MOVE = YES;
				CLANG_WARN_UNGUARDED_AVAILABILITY = YES_AGGRESSIVE;
				CLANG_WARN_UNREACHABLE_CODE = YES;
				CLANG_WARN__DUPLICATE_METHOD_MATCH = YES;
				COPY_PHASE_STRIP = NO;
				DEBUG_INFORMATION_FORMAT = dwarf;
				DEVELOPMENT_TEAM = "";
				ENABLE_APP_SANDBOX = NO;
				ENABLE_STRICT_OBJC_MSGSEND = YES;
				ENABLE_TESTABILITY = YES;
				ENABLE_USER_SCRIPT_SANDBOXING = NO;
				GCC_C_LANGUAGE_STANDARD = gnu11;
				GCC_DYNAMIC_NO_PIC = NO;
				GCC_NO_COMMON_BLOCKS = YES;
				GCC_OPTIMIZATION_LEVEL = 0;
				GCC_PREPROCESSOR_DEFINITIONS = (
					"$(inherited)",
					"DEBUG=1",
				);
				GCC_WARN_64_TO_32_BIT_CONVERSION = YES;
				GCC_WARN_ABOUT_RETURN_TYPE = YES_ERROR;
				GCC_WARN_UNDECLARED_SELECTOR = YES;
				GCC_WARN_UNINITIALIZED_AUTOS = YES_AGGRESSIVE;
				GCC_WARN_UNUSED_FUNCTION = YES;
				GCC_WARN_UNUSED_VARIABLE = YES;
				MACOSX_DEPLOYMENT_TARGET = 14.0;
				MTL_ENABLE_DEBUG_INFO = INCLUDE_SOURCE;
				MTL_FAST_MATH = YES;
				ONLY_ACTIVE_ARCH = NO;
				OTHER_SWIFT_FLAGS = "$(inherited) -file-prefix-map $(PROJECT_DIR)=. -debug-prefix-map $(PROJECT_DIR)=.";
				PRODUCT_NAME = "$(TARGET_NAME)";
				SDKROOT = macosx;
				SWIFT_ACTIVE_COMPILATION_CONDITIONS = DEBUG;
				SWIFT_OPTIMIZATION_LEVEL = "-Onone";
				SWIFT_STRICT_CONCURRENCY = complete;
				SWIFT_VERSION = 6.0;
			};
			name = Debug;
		};
		CD9971977BEF42D86EAFF34E /* Debug */ = {
			isa = XCBuildConfiguration;
			buildSettings = {
				ASSETCATALOG_COMPILER_APPICON_NAME = AppIcon;
				COMBINE_HIDPI_IMAGES = YES;
				CURRENT_PROJECT_VERSION = 1;
				GENERATE_INFOPLIST_FILE = YES;
				INFOPLIST_KEY_CFBundleDisplayName = "Grok Remote Launcher";
				INFOPLIST_KEY_LSApplicationCategoryType = "public.app-category.developer-tools";
				INFOPLIST_KEY_NSHighResolutionCapable = YES;
				INFOPLIST_KEY_NSLocalNetworkUsageDescription = "Connect to the local Grok Remote daemon.";
				LD_RUNPATH_SEARCH_PATHS = (
					"$(inherited)",
					"@executable_path/../Frameworks",
				);
				MACOSX_DEPLOYMENT_TARGET = 14.0;
				MARKETING_VERSION = 1.0.0;
				PRODUCT_BUNDLE_IDENTIFIER = com.grokremote.launcher;
				PRODUCT_MODULE_NAME = GrokRemoteLauncher;
				PRODUCT_NAME = "Grok Remote Launcher";
				SDKROOT = macosx;
			};
			name = Debug;
		};
		E9875ACEAEB89E887F77E7F8 /* Release */ = {
			isa = XCBuildConfiguration;
			buildSettings = {
				ALWAYS_SEARCH_USER_PATHS = NO;
				ARCHS = arm64;
				CLANG_ANALYZER_NONNULL = YES;
				CLANG_ANALYZER_NUMBER_OBJECT_CONVERSION = YES_AGGRESSIVE;
				CLANG_CXX_LANGUAGE_STANDARD = "gnu++14";
				CLANG_CXX_LIBRARY = "libc++";
				CLANG_ENABLE_MODULES = YES;
				CLANG_ENABLE_OBJC_ARC = YES;
				CLANG_ENABLE_OBJC_WEAK = YES;
				CLANG_WARN_BLOCK_CAPTURE_AUTORELEASING = YES;
				CLANG_WARN_BOOL_CONVERSION = YES;
				CLANG_WARN_COMMA = YES;
				CLANG_WARN_CONSTANT_CONVERSION = YES;
				CLANG_WARN_DEPRECATED_OBJC_IMPLEMENTATIONS = YES;
				CLANG_WARN_DIRECT_OBJC_ISA_USAGE = YES_ERROR;
				CLANG_WARN_DOCUMENTATION_COMMENTS = YES;
				CLANG_WARN_EMPTY_BODY = YES;
				CLANG_WARN_ENUM_CONVERSION = YES;
				CLANG_WARN_INFINITE_RECURSION = YES;
				CLANG_WARN_INT_CONVERSION = YES;
				CLANG_WARN_NON_LITERAL_NULL_CONVERSION = YES;
				CLANG_WARN_OBJC_IMPLICIT_RETAIN_SELF = YES;
				CLANG_WARN_OBJC_LITERAL_CONVERSION = YES;
				CLANG_WARN_OBJC_ROOT_CLASS = YES_ERROR;
				CLANG_WARN_QUOTED_INCLUDE_IN_FRAMEWORK_HEADER = YES;
				CLANG_WARN_RANGE_LOOP_ANALYSIS = YES;
				CLANG_WARN_STRICT_PROTOTYPES = YES;
				CLANG_WARN_SUSPICIOUS_MOVE = YES;
				CLANG_WARN_UNGUARDED_AVAILABILITY = YES_AGGRESSIVE;
				CLANG_WARN_UNREACHABLE_CODE = YES;
				CLANG_WARN__DUPLICATE_METHOD_MATCH = YES;
				COPY_PHASE_STRIP = NO;
				DEBUG_INFORMATION_FORMAT = "dwarf-with-dsym";
				DEPLOYMENT_POSTPROCESSING = YES;
				DEVELOPMENT_TEAM = "";
				ENABLE_APP_SANDBOX = NO;
				ENABLE_NS_ASSERTIONS = NO;
				ENABLE_STRICT_OBJC_MSGSEND = YES;
				ENABLE_USER_SCRIPT_SANDBOXING = NO;
				GCC_C_LANGUAGE_STANDARD = gnu11;
				GCC_NO_COMMON_BLOCKS = YES;
				GCC_WARN_64_TO_32_BIT_CONVERSION = YES;
				GCC_WARN_ABOUT_RETURN_TYPE = YES_ERROR;
				GCC_WARN_UNDECLARED_SELECTOR = YES;
				GCC_WARN_UNINITIALIZED_AUTOS = YES_AGGRESSIVE;
				GCC_WARN_UNUSED_FUNCTION = YES;
				GCC_WARN_UNUSED_VARIABLE = YES;
				MACOSX_DEPLOYMENT_TARGET = 14.0;
				MTL_ENABLE_DEBUG_INFO = NO;
				MTL_FAST_MATH = YES;
				ONLY_ACTIVE_ARCH = NO;
				OTHER_SWIFT_FLAGS = "$(inherited) -file-prefix-map $(PROJECT_DIR)=. -debug-prefix-map $(PROJECT_DIR)=.";
				PRODUCT_NAME = "$(TARGET_NAME)";
				SDKROOT = macosx;
				STRIP_INSTALLED_PRODUCT = YES;
				STRIP_STYLE = all;
				SWIFT_COMPILATION_MODE = wholemodule;
				SWIFT_OPTIMIZATION_LEVEL = "-O";
				SWIFT_STRICT_CONCURRENCY = complete;
				SWIFT_VERSION = 6.0;
			};
			name = Release;
		};
/* End XCBuildConfiguration section */

/* Begin XCConfigurationList section */
		F479C906D64C1383EC99F362 /* Build configuration list for PBXProject "GrokRemoteLauncher" */ = {
			isa = XCConfigurationList;
			buildConfigurations = (
				7FAA7E11CCB7CB84CABF7A24 /* Debug */,
				E9875ACEAEB89E887F77E7F8 /* Release */,
			);
			defaultConfigurationIsVisible = 0;
			defaultConfigurationName = Debug;
		};
		FD8C278990EACDC77974A754 /* Build configuration list for PBXNativeTarget "GrokRemoteLauncher" */ = {
			isa = XCConfigurationList;
			buildConfigurations = (
				CD9971977BEF42D86EAFF34E /* Debug */,
				00C0376F098FC20F58033487 /* Release */,
			);
			defaultConfigurationIsVisible = 0;
			defaultConfigurationName = Debug;
		};
/* End XCConfigurationList section */
	};
	rootObject = DE18474BEC7FF1F0A2D3649C /* Project object */;
}
